// !$*UTF8*$!
{
	archiveVersion = 1;
	classes = {
	};
	objectVersion = 46;
	objects = {

/* Begin PBXBuildFile section */
		4D03217A17106E5800D29881 /* CheckListQuestionAnswers.m in Sources */ = {isa = PBXBuildFile; fileRef = 4D03217917106E5800D29881 /* CheckListQuestionAnswers.m */; };
		4D0321801710745000D29881 /* CheckListAnswers.m in Sources */ = {isa = PBXBuildFile; fileRef = 4D03217F1710745000D29881 /* CheckListAnswers.m */; };
		4D03218617110A9600D29881 /* HIPhotoCollectionViewCell.m in Sources */ = {isa = PBXBuildFile; fileRef = 4D03218517110A9600D29881 /* HIPhotoCollectionViewCell.m */; };
		4D03218C1711418700D29881 /* MBProgressHUD.m in Sources */ = {isa = PBXBuildFile; fileRef = 4D03218B1711418700D29881 /* MBProgressHUD.m */; };
		4D0321931712DE9200D29881 /* CheckListAnswerImages.m in Sources */ = {isa = PBXBuildFile; fileRef = 4D0321921712DE9100D29881 /* CheckListAnswerImages.m */; };
		4D0321971712E57600D29881 /* HIPhotoViewController.m in Sources */ = {isa = PBXBuildFile; fileRef = 4D0321951712E57600D29881 /* HIPhotoViewController.m */; };
		4D0321981712E57600D29881 /* HIPhotoViewController.xib in Resources */ = {isa = PBXBuildFile; fileRef = 4D0321961712E57600D29881 /* HIPhotoViewController.xib */; };
		4D13F45F170C336000CA5E8A /* HITableViewController.m in Sources */ = {isa = PBXBuildFile; fileRef = 4D13F45E170C336000CA5E8A /* HITableViewController.m */; };
		4D13F462170C356400CA5E8A /* textured_paper.png in Resources */ = {isa = PBXBuildFile; fileRef = 4D13F461170C356400CA5E8A /* textured_paper.png */; };
		4D13F464170C356F00CA5E8A /* textured_paper_@2X.png in Resources */ = {isa = PBXBuildFile; fileRef = 4D13F463170C356E00CA5E8A /* textured_paper_@2X.png */; };
		4D13F467170C36B400CA5E8A /* HIViewController.m in Sources */ = {isa = PBXBuildFile; fileRef = 4D13F466170C36B400CA5E8A /* HIViewController.m */; };
		4D13F46A170C3A1C00CA5E8A /* HealthyBabyZone.xml in Resources */ = {isa = PBXBuildFile; fileRef = 4D13F469170C3A1C00CA5E8A /* HealthyBabyZone.xml */; };
		4D37A88C17158CA2001825AE /* back_48.png in Resources */ = {isa = PBXBuildFile; fileRef = 4D37A88B17158CA2001825AE /* back_48.png */; };
		4D37A88E17158CAC001825AE /* next_48.png in Resources */ = {isa = PBXBuildFile; fileRef = 4D37A88D17158CAC001825AE /* next_48.png */; };
		4D38BF2C170AFB27006587BB /* HICategoriesTableViewController.m in Sources */ = {isa = PBXBuildFile; fileRef = 4D38BF2B170AFB27006587BB /* HICategoriesTableViewController.m */; };
		4D38BF2F170AFCFF006587BB /* HIReportsTableViewController.m in Sources */ = {isa = PBXBuildFile; fileRef = 4D38BF2E170AFCFF006587BB /* HIReportsTableViewController.m */; };
		4D38BF32170B0098006587BB /* HICheckListGenericTableViewController.m in Sources */ = {isa = PBXBuildFile; fileRef = 4D38BF31170B0098006587BB /* HICheckListGenericTableViewController.m */; };
		4D6B4596170FBD8B007C41D7 /* home_in_hands_2.png in Resources */ = {isa = PBXBuildFile; fileRef = 4D6B4595170FBD8B007C41D7 /* home_in_hands_2.png */; };
		4D6B459D17102EFB007C41D7 /* cross_white_16.png in Resources */ = {isa = PBXBuildFile; fileRef = 4D6B459C17102EFB007C41D7 /* cross_white_16.png */; };
		4D6B45A3171031C3007C41D7 /* SVSegmentedControl.m in Sources */ = {isa = PBXBuildFile; fileRef = 4D6B45A0171031C3007C41D7 /* SVSegmentedControl.m */; };
		4D6B45A4171031C3007C41D7 /* SVSegmentedThumb.m in Sources */ = {isa = PBXBuildFile; fileRef = 4D6B45A2171031C3007C41D7 /* SVSegmentedThumb.m */; };
		4D6B45A817105514007C41D7 /* HIPhotosCollectionViewController.m in Sources */ = {isa = PBXBuildFile; fileRef = 4D6B45A717105514007C41D7 /* HIPhotosCollectionViewController.m */; };
		4D8B054916E98A4D007328B1 /* HINewCheckListDetailViewController.m in Sources */ = {isa = PBXBuildFile; fileRef = 4D8B054716E98A4D007328B1 /* HINewCheckListDetailViewController.m */; };
		4D8B054A16E98A4D007328B1 /* HINewCheckListDetailViewController.xib in Resources */ = {isa = PBXBuildFile; fileRef = 4D8B054816E98A4D007328B1 /* HINewCheckListDetailViewController.xib */; };
		4D8B054E16E99AAB007328B1 /* HICheckListCategoriesViewController.m in Sources */ = {isa = PBXBuildFile; fileRef = 4D8B054D16E99AAB007328B1 /* HICheckListCategoriesViewController.m */; };
		4D8B055216E9BC07007328B1 /* HICheckListModel.m in Sources */ = {isa = PBXBuildFile; fileRef = 4D8B055116E9BC07007328B1 /* HICheckListModel.m */; };
		4D8B055816E9BC92007328B1 /* HICheckListCategoryModel.m in Sources */ = {isa = PBXBuildFile; fileRef = 4D8B055716E9BC92007328B1 /* HICheckListCategoryModel.m */; };
		4D8B055B16E9DC0E007328B1 /* HICheckListQuestionModel.m in Sources */ = {isa = PBXBuildFile; fileRef = 4D8B055A16E9DC0E007328B1 /* HICheckListQuestionModel.m */; };
		4D8B055E16E9FD99007328B1 /* HICheckListQuestionsViewController.m in Sources */ = {isa = PBXBuildFile; fileRef = 4D8B055D16E9FD99007328B1 /* HICheckListQuestionsViewController.m */; };
		4D8B056116EA0BA7007328B1 /* HealthyHomeCheckList.xml in Resources */ = {isa = PBXBuildFile; fileRef = 4D8B056016EA0BA7007328B1 /* HealthyHomeCheckList.xml */; };
		4D8B057816EA209E007328B1 /* HICheckListXMLReader.m in Sources */ = {isa = PBXBuildFile; fileRef = 4D8B057716EA209E007328B1 /* HICheckListXMLReader.m */; };
		4D8B057C16EAF653007328B1 /* HICheckListQuestionDetailViewController.m in Sources */ = {isa = PBXBuildFile; fileRef = 4D8B057A16EAF653007328B1 /* HICheckListQuestionDetailViewController.m */; };
		4D8B057D16EAF653007328B1 /* HICheckListQuestionDetailViewController.xib in Resources */ = {isa = PBXBuildFile; fileRef = 4D8B057B16EAF653007328B1 /* HICheckListQuestionDetailViewController.xib */; };
		4D8BE49816EF6711008CF993 /* Icon.png in Resources */ = {isa = PBXBuildFile; fileRef = 4D8BE49716EF6711008CF993 /* Icon.png */; };
		4D8BE49A16EF671B008CF993 /* Icon@2x.png in Resources */ = {isa = PBXBuildFile; fileRef = 4D8BE49916EF671B008CF993 /* Icon@2x.png */; };
		4D8BE4A116F4B4E8008CF993 /* CustomBadge.m in Sources */ = {isa = PBXBuildFile; fileRef = 4D8BE49F16F4B4E8008CF993 /* CustomBadge.m */; };
		4DA17245170EFE3B00478113 /* intro.rtf in Resources */ = {isa = PBXBuildFile; fileRef = 4DA17244170EFE3B00478113 /* intro.rtf */; };
		4DA3A98216E8B9AE00D8CE62 /* UIKit.framework in Frameworks */ = {isa = PBXBuildFile; fileRef = 4DA3A98116E8B9AE00D8CE62 /* UIKit.framework */; };
		4DA3A98416E8B9AE00D8CE62 /* Foundation.framework in Frameworks */ = {isa = PBXBuildFile; fileRef = 4DA3A98316E8B9AE00D8CE62 /* Foundation.framework */; };
		4DA3A98616E8B9AE00D8CE62 /* CoreGraphics.framework in Frameworks */ = {isa = PBXBuildFile; fileRef = 4DA3A98516E8B9AE00D8CE62 /* CoreGraphics.framework */; };
		4DA3A98C16E8B9AE00D8CE62 /* InfoPlist.strings in Resources */ = {isa = PBXBuildFile; fileRef = 4DA3A98A16E8B9AE00D8CE62 /* InfoPlist.strings */; };
		4DA3A98E16E8B9AE00D8CE62 /* main.m in Sources */ = {isa = PBXBuildFile; fileRef = 4DA3A98D16E8B9AE00D8CE62 /* main.m */; };
		4DA3A99216E8B9AE00D8CE62 /* HIAppDelegate.m in Sources */ = {isa = PBXBuildFile; fileRef = 4DA3A99116E8B9AE00D8CE62 /* HIAppDelegate.m */; };
		4DA3A99416E8B9AE00D8CE62 /* Default.png in Resources */ = {isa = PBXBuildFile; fileRef = 4DA3A99316E8B9AE00D8CE62 /* Default.png */; };
		4DA3A99616E8B9AE00D8CE62 /* Default@2x.png in Resources */ = {isa = PBXBuildFile; fileRef = 4DA3A99516E8B9AE00D8CE62 /* Default@2x.png */; };
		4DA3A99816E8B9AE00D8CE62 /* Default-568h@2x.png in Resources */ = {isa = PBXBuildFile; fileRef = 4DA3A99716E8B9AE00D8CE62 /* Default-568h@2x.png */; };
		4DA3A99D16E8B9AE00D8CE62 /* first.png in Resources */ = {isa = PBXBuildFile; fileRef = 4DA3A99C16E8B9AE00D8CE62 /* first.png */; };
		4DA3A99F16E8B9AE00D8CE62 /* first@2x.png in Resources */ = {isa = PBXBuildFile; fileRef = 4DA3A99E16E8B9AE00D8CE62 /* first@2x.png */; };
		4DA3A9A216E8B9AE00D8CE62 /* HISecondViewController.m in Sources */ = {isa = PBXBuildFile; fileRef = 4DA3A9A116E8B9AE00D8CE62 /* HISecondViewController.m */; };
		4DA3A9A416E8B9AE00D8CE62 /* second.png in Resources */ = {isa = PBXBuildFile; fileRef = 4DA3A9A316E8B9AE00D8CE62 /* second.png */; };
		4DA3A9A616E8B9AE00D8CE62 /* second@2x.png in Resources */ = {isa = PBXBuildFile; fileRef = 4DA3A9A516E8B9AE00D8CE62 /* second@2x.png */; };
		4DA3A9AC16E8B9AE00D8CE62 /* HIFirstViewController_iPad.xib in Resources */ = {isa = PBXBuildFile; fileRef = 4DA3A9AA16E8B9AE00D8CE62 /* HIFirstViewController_iPad.xib */; };
		4DA3A9AF16E8B9AE00D8CE62 /* HISecondViewController_iPhone.xib in Resources */ = {isa = PBXBuildFile; fileRef = 4DA3A9AD16E8B9AE00D8CE62 /* HISecondViewController_iPhone.xib */; };
		4DA3A9B216E8B9AF00D8CE62 /* HISecondViewController_iPad.xib in Resources */ = {isa = PBXBuildFile; fileRef = 4DA3A9B016E8B9AF00D8CE62 /* HISecondViewController_iPad.xib */; };
		4DA3A9BD16E8BF3200D8CE62 /* HICheckListsTableViewController.m in Sources */ = {isa = PBXBuildFile; fileRef = 4DA3A9BC16E8BF3200D8CE62 /* HICheckListsTableViewController.m */; };
		4DA3A9C116E8C2E400D8CE62 /* HINewCheckListViewController.m in Sources */ = {isa = PBXBuildFile; fileRef = 4DA3A9C016E8C2E400D8CE62 /* HINewCheckListViewController.m */; };
		4DADAEE816FC67DF00BAA63F /* library@2x.png in Resources */ = {isa = PBXBuildFile; fileRef = 4DADAEE716FC67DF00BAA63F /* library@2x.png */; };
		4DADAEEB16FC6FC200BAA63F /* home@2x.png in Resources */ = {isa = PBXBuildFile; fileRef = 4DADAEEA16FC6FC200BAA63F /* home@2x.png */; };
		4DADAEED16FC6FE500BAA63F /* home.png in Resources */ = {isa = PBXBuildFile; fileRef = 4DADAEEC16FC6FE500BAA63F /* home.png */; };
		4DADAEF216FC706600BAA63F /* HIHomeViewController.m in Sources */ = {isa = PBXBuildFile; fileRef = 4DADAEF016FC706600BAA63F /* HIHomeViewController.m */; };
		4DADAEF316FC706600BAA63F /* HIHomeViewController.xib in Resources */ = {isa = PBXBuildFile; fileRef = 4DADAEF116FC706600BAA63F /* HIHomeViewController.xib */; };
		4DADAEF516FC72D400BAA63F /* healthy_interiors.png in Resources */ = {isa = PBXBuildFile; fileRef = 4DADAEF416FC72D400BAA63F /* healthy_interiors.png */; };
		4DADAEFF170546A700BAA63F /* CheckLists.xml in Resources */ = {isa = PBXBuildFile; fileRef = 4DADAEFE170546A700BAA63F /* CheckLists.xml */; };
		4DADAF021705491600BAA63F /* HICheckListsXMLReader.m in Sources */ = {isa = PBXBuildFile; fileRef = 4DADAF011705491500BAA63F /* HICheckListsXMLReader.m */; };
		4DADAF0D1705B41300BAA63F /* HINewCheckListCellView.m in Sources */ = {isa = PBXBuildFile; fileRef = 4DADAF0C1705B41300BAA63F /* HINewCheckListCellView.m */; };
		4DADAF101705B7FB00BAA63F /* PRPNibBasedTableViewCell.m in Sources */ = {isa = PBXBuildFile; fileRef = 4DADAF0F1705B7FB00BAA63F /* PRPNibBasedTableViewCell.m */; };
		4DADAF161705C5DB00BAA63F /* HiNewCheckListCellView.xib in Resources */ = {isa = PBXBuildFile; fileRef = 4DADAF141705C09D00BAA63F /* HiNewCheckListCellView.xib */; };
		4DADAF181705CF7D00BAA63F /* HealthyHomeCheckListIcon.png in Resources */ = {isa = PBXBuildFile; fileRef = 4DADAF171705CF7D00BAA63F /* HealthyHomeCheckListIcon.png */; };
		4DADAF1D170719E300BAA63F /* MAConfirmButton.m in Sources */ = {isa = PBXBuildFile; fileRef = 4DADAF1A170719E300BAA63F /* MAConfirmButton.m */; };
		4DADAF1E170719E300BAA63F /* UIColor-Expanded.m in Sources */ = {isa = PBXBuildFile; fileRef = 4DADAF1C170719E300BAA63F /* UIColor-Expanded.m */; };
		4DADAF2117071B6100BAA63F /* QuartzCore.framework in Frameworks */ = {isa = PBXBuildFile; fileRef = 4DADAF2017071B6000BAA63F /* QuartzCore.framework */; };
		4DC2E47D170877BA00D12F56 /* CMPopTipView.m in Sources */ = {isa = PBXBuildFile; fileRef = 4DC2E47C170877BA00D12F56 /* CMPopTipView.m */; };
		4DC2E4801708816C00D12F56 /* retina_wood_@2X.png in Resources */ = {isa = PBXBuildFile; fileRef = 4DC2E47E1708816C00D12F56 /* retina_wood_@2X.png */; };
		4DC2E4811708816C00D12F56 /* retina_wood.png in Resources */ = {isa = PBXBuildFile; fileRef = 4DC2E47F1708816C00D12F56 /* retina_wood.png */; };
		4DC2E4841709171A00D12F56 /* perforated_white_leather_@2X.png in Resources */ = {isa = PBXBuildFile; fileRef = 4DC2E4821709171A00D12F56 /* perforated_white_leather_@2X.png */; };
		4DC2E4851709171A00D12F56 /* perforated_white_leather.png in Resources */ = {isa = PBXBuildFile; fileRef = 4DC2E4831709171A00D12F56 /* perforated_white_leather.png */; };
		4DC2E4881709177700D12F56 /* bo_play_pattern_@2X.png in Resources */ = {isa = PBXBuildFile; fileRef = 4DC2E4861709177700D12F56 /* bo_play_pattern_@2X.png */; };
		4DC2E4891709177700D12F56 /* bo_play_pattern.png in Resources */ = {isa = PBXBuildFile; fileRef = 4DC2E4871709177700D12F56 /* bo_play_pattern.png */; };
		4DC2E48B170918CA00D12F56 /* classy_fabric.png in Resources */ = {isa = PBXBuildFile; fileRef = 4DC2E48A170918CA00D12F56 /* classy_fabric.png */; };
		4DC2E48D170918D500D12F56 /* classy_fabric_@2X.png in Resources */ = {isa = PBXBuildFile; fileRef = 4DC2E48C170918D500D12F56 /* classy_fabric_@2X.png */; };
		4DC2E48F170919B900D12F56 /* mochaGrunge.png in Resources */ = {isa = PBXBuildFile; fileRef = 4DC2E48E170919B900D12F56 /* mochaGrunge.png */; };
		4DC2E491170919C300D12F56 /* paper_fibers_@2X.png in Resources */ = {isa = PBXBuildFile; fileRef = 4DC2E490170919C300D12F56 /* paper_fibers_@2X.png */; };
		4DC2E493170919F300D12F56 /* mochaGrunge_@2X.png in Resources */ = {isa = PBXBuildFile; fileRef = 4DC2E492170919F300D12F56 /* mochaGrunge_@2X.png */; };
		4DC2E49517091A0000D12F56 /* paper_fibers.png in Resources */ = {isa = PBXBuildFile; fileRef = 4DC2E49417091A0000D12F56 /* paper_fibers.png */; };
		4DC2E49917092C0800D12F56 /* HealthyInteriors.xcdatamodeld in Sources */ = {isa = PBXBuildFile; fileRef = 4DC2E49617092C0800D12F56 /* HealthyInteriors.xcdatamodeld */; };
		4DEE71AD16EB6E8E002ED288 /* ok_16.png in Resources */ = {isa = PBXBuildFile; fileRef = 4DEE71AC16EB6E8E002ED288 /* ok_16.png */; };
		4DEE71AF16EB6EAC002ED288 /* close_16.png in Resources */ = {isa = PBXBuildFile; fileRef = 4DEE71AE16EB6EAC002ED288 /* close_16.png */; };
		4DEE71B116EB6F26002ED288 /* ok_24.png in Resources */ = {isa = PBXBuildFile; fileRef = 4DEE71B016EB6F26002ED288 /* ok_24.png */; };
		4DEE71B316EB6F57002ED288 /* close_24.png in Resources */ = {isa = PBXBuildFile; fileRef = 4DEE71B216EB6F57002ED288 /* close_24.png */; };
		4DEE71B516EC311A002ED288 /* question_24.png in Resources */ = {isa = PBXBuildFile; fileRef = 4DEE71B416EC311A002ED288 /* question_24.png */; };
		4DEE71B716EC315E002ED288 /* question_16.png in Resources */ = {isa = PBXBuildFile; fileRef = 4DEE71B616EC315E002ED288 /* question_16.png */; };
		4DEE71B916EC37E8002ED288 /* CoreData.framework in Frameworks */ = {isa = PBXBuildFile; fileRef = 4DEE71B816EC37E8002ED288 /* CoreData.framework */; };
		4DEE71F916EC4CA0002ED288 /* HICheckListTemplateManager.m in Sources */ = {isa = PBXBuildFile; fileRef = 4DEE71F816EC4CA0002ED288 /* HICheckListTemplateManager.m */; };
		4DEE723F16EC9585002ED288 /* CheckListQuestionAnswers+HIFunctions.m in Sources */ = {isa = PBXBuildFile; fileRef = 4DEE723E16EC9585002ED288 /* CheckListQuestionAnswers+HIFunctions.m */; };
		4DEE724216EC9624002ED288 /* CheckListAnswers+HIFunctions.m in Sources */ = {isa = PBXBuildFile; fileRef = 4DEE724116EC9624002ED288 /* CheckListAnswers+HIFunctions.m */; };
		4DEE724616ECBE79002ED288 /* thumb_up_24.png in Resources */ = {isa = PBXBuildFile; fileRef = 4DEE724516ECBE78002ED288 /* thumb_up_24.png */; };
		4DEE724816ECBE7F002ED288 /* thumb_dn_24.png in Resources */ = {isa = PBXBuildFile; fileRef = 4DEE724716ECBE7F002ED288 /* thumb_dn_24.png */; };
		4DEE724B16ECBEB6002ED288 /* thumb_up_16.png in Resources */ = {isa = PBXBuildFile; fileRef = 4DEE724916ECBEB5002ED288 /* thumb_up_16.png */; };
		4DEE724C16ECBEB6002ED288 /* thumb_dn_16.png in Resources */ = {isa = PBXBuildFile; fileRef = 4DEE724A16ECBEB6002ED288 /* thumb_dn_16.png */; };
		4DEE724E16ECC312002ED288 /* library.png in Resources */ = {isa = PBXBuildFile; fileRef = 4DEE724D16ECC311002ED288 /* library.png */; };
		4DEE725816ED8E0E002ED288 /* notepad_write_48.png in Resources */ = {isa = PBXBuildFile; fileRef = 4DEE725716ED8E0D002ED288 /* notepad_write_48.png */; };
		4DEE725A16ED8E32002ED288 /* camera_48.png in Resources */ = {isa = PBXBuildFile; fileRef = 4DEE725916ED8E32002ED288 /* camera_48.png */; };
		4DEE725C16ED8ECB002ED288 /* info_48.png in Resources */ = {isa = PBXBuildFile; fileRef = 4DEE725B16ED8ECA002ED288 /* info_48.png */; };
		4DEE725E16ED8F52002ED288 /* microphone_48.png in Resources */ = {isa = PBXBuildFile; fileRef = 4DEE725D16ED8F51002ED288 /* microphone_48.png */; };
		4DEE726316EDBC4C002ED288 /* HIQuestionInfoViewController.m in Sources */ = {isa = PBXBuildFile; fileRef = 4DEE726116EDBC4C002ED288 /* HIQuestionInfoViewController.m */; };
		4DEE726416EDBC4C002ED288 /* HIQuestionInfoViewController.xib in Resources */ = {isa = PBXBuildFile; fileRef = 4DEE726216EDBC4C002ED288 /* HIQuestionInfoViewController.xib */; };
		4DEE726E16EDC66E002ED288 /* HIQuestionNotesViewController.m in Sources */ = {isa = PBXBuildFile; fileRef = 4DEE726C16EDC66E002ED288 /* HIQuestionNotesViewController.m */; };
		4DEE726F16EDC66E002ED288 /* HIQuestionNotesViewController.xib in Resources */ = {isa = PBXBuildFile; fileRef = 4DEE726D16EDC66E002ED288 /* HIQuestionNotesViewController.xib */; };
		4DEE727116EDC999002ED288 /* lined_paper.png in Resources */ = {isa = PBXBuildFile; fileRef = 4DEE727016EDC998002ED288 /* lined_paper.png */; };
/* End PBXBuildFile section */

/* Begin PBXFileReference section */
		4D03217817106E5800D29881 /* CheckListQuestionAnswers.h */ = {isa = PBXFileReference; fileEncoding = 4; lastKnownFileType = sourcecode.c.h; path = CheckListQuestionAnswers.h; sourceTree = "<group>"; };
		4D03217917106E5800D29881 /* CheckListQuestionAnswers.m */ = {isa = PBXFileReference; fileEncoding = 4; lastKnownFileType = sourcecode.c.objc; path = CheckListQuestionAnswers.m; sourceTree = "<group>"; };
		4D03217E1710745000D29881 /* CheckListAnswers.h */ = {isa = PBXFileReference; fileEncoding = 4; lastKnownFileType = sourcecode.c.h; path = CheckListAnswers.h; sourceTree = "<group>"; };
		4D03217F1710745000D29881 /* CheckListAnswers.m */ = {isa = PBXFileReference; fileEncoding = 4; lastKnownFileType = sourcecode.c.objc; path = CheckListAnswers.m; sourceTree = "<group>"; };
		4D03218417110A9500D29881 /* HIPhotoCollectionViewCell.h */ = {isa = PBXFileReference; fileEncoding = 4; lastKnownFileType = sourcecode.c.h; path = HIPhotoCollectionViewCell.h; sourceTree = "<group>"; };
		4D03218517110A9600D29881 /* HIPhotoCollectionViewCell.m */ = {isa = PBXFileReference; fileEncoding = 4; lastKnownFileType = sourcecode.c.objc; path = HIPhotoCollectionViewCell.m; sourceTree = "<group>"; };
		4D03218A1711418700D29881 /* MBProgressHUD.h */ = {isa = PBXFileReference; fileEncoding = 4; lastKnownFileType = sourcecode.c.h; path = MBProgressHUD.h; sourceTree = "<group>"; };
		4D03218B1711418700D29881 /* MBProgressHUD.m */ = {isa = PBXFileReference; fileEncoding = 4; lastKnownFileType = sourcecode.c.objc; path = MBProgressHUD.m; sourceTree = "<group>"; };
		4D0321911712DE9100D29881 /* CheckListAnswerImages.h */ = {isa = PBXFileReference; fileEncoding = 4; lastKnownFileType = sourcecode.c.h; path = CheckListAnswerImages.h; sourceTree = "<group>"; };
		4D0321921712DE9100D29881 /* CheckListAnswerImages.m */ = {isa = PBXFileReference; fileEncoding = 4; lastKnownFileType = sourcecode.c.objc; path = CheckListAnswerImages.m; sourceTree = "<group>"; };
		4D0321941712E57600D29881 /* HIPhotoViewController.h */ = {isa = PBXFileReference; fileEncoding = 4; lastKnownFileType = sourcecode.c.h; path = HIPhotoViewController.h; sourceTree = "<group>"; };
		4D0321951712E57600D29881 /* HIPhotoViewController.m */ = {isa = PBXFileReference; fileEncoding = 4; lastKnownFileType = sourcecode.c.objc; path = HIPhotoViewController.m; sourceTree = "<group>"; };
		4D0321961712E57600D29881 /* HIPhotoViewController.xib */ = {isa = PBXFileReference; fileEncoding = 4; lastKnownFileType = file.xib; path = HIPhotoViewController.xib; sourceTree = "<group>"; };
		4D13F45D170C336000CA5E8A /* HITableViewController.h */ = {isa = PBXFileReference; fileEncoding = 4; lastKnownFileType = sourcecode.c.h; path = HITableViewController.h; sourceTree = "<group>"; };
		4D13F45E170C336000CA5E8A /* HITableViewController.m */ = {isa = PBXFileReference; fileEncoding = 4; lastKnownFileType = sourcecode.c.objc; path = HITableViewController.m; sourceTree = "<group>"; };
		4D13F461170C356400CA5E8A /* textured_paper.png */ = {isa = PBXFileReference; lastKnownFileType = image.png; path = textured_paper.png; sourceTree = "<group>"; };
		4D13F463170C356E00CA5E8A /* textured_paper_@2X.png */ = {isa = PBXFileReference; lastKnownFileType = image.png; path = "textured_paper_@2X.png"; sourceTree = "<group>"; };
		4D13F465170C36B400CA5E8A /* HIViewController.h */ = {isa = PBXFileReference; fileEncoding = 4; lastKnownFileType = sourcecode.c.h; path = HIViewController.h; sourceTree = "<group>"; };
		4D13F466170C36B400CA5E8A /* HIViewController.m */ = {isa = PBXFileReference; fileEncoding = 4; lastKnownFileType = sourcecode.c.objc; path = HIViewController.m; sourceTree = "<group>"; };
		4D13F469170C3A1C00CA5E8A /* HealthyBabyZone.xml */ = {isa = PBXFileReference; fileEncoding = 4; lastKnownFileType = text.xml; path = HealthyBabyZone.xml; sourceTree = "<group>"; };
		4D37A88B17158CA2001825AE /* back_48.png */ = {isa = PBXFileReference; lastKnownFileType = image.png; path = back_48.png; sourceTree = "<group>"; };
		4D37A88D17158CAC001825AE /* next_48.png */ = {isa = PBXFileReference; lastKnownFileType = image.png; path = next_48.png; sourceTree = "<group>"; };
		4D38BF2A170AFB27006587BB /* HICategoriesTableViewController.h */ = {isa = PBXFileReference; fileEncoding = 4; lastKnownFileType = sourcecode.c.h; path = HICategoriesTableViewController.h; sourceTree = "<group>"; };
		4D38BF2B170AFB27006587BB /* HICategoriesTableViewController.m */ = {isa = PBXFileReference; fileEncoding = 4; lastKnownFileType = sourcecode.c.objc; path = HICategoriesTableViewController.m; sourceTree = "<group>"; };
		4D38BF2D170AFCFF006587BB /* HIReportsTableViewController.h */ = {isa = PBXFileReference; fileEncoding = 4; lastKnownFileType = sourcecode.c.h; path = HIReportsTableViewController.h; sourceTree = "<group>"; };
		4D38BF2E170AFCFF006587BB /* HIReportsTableViewController.m */ = {isa = PBXFileReference; fileEncoding = 4; lastKnownFileType = sourcecode.c.objc; path = HIReportsTableViewController.m; sourceTree = "<group>"; };
		4D38BF30170B0098006587BB /* HICheckListGenericTableViewController.h */ = {isa = PBXFileReference; fileEncoding = 4; lastKnownFileType = sourcecode.c.h; path = HICheckListGenericTableViewController.h; sourceTree = "<group>"; };
		4D38BF31170B0098006587BB /* HICheckListGenericTableViewController.m */ = {isa = PBXFileReference; fileEncoding = 4; lastKnownFileType = sourcecode.c.objc; path = HICheckListGenericTableViewController.m; sourceTree = "<group>"; };
		4D6B4595170FBD8B007C41D7 /* home_in_hands_2.png */ = {isa = PBXFileReference; lastKnownFileType = image.png; path = home_in_hands_2.png; sourceTree = "<group>"; };
		4D6B4597171023FC007C41D7 /* HealthyInteriors 3.xcdatamodel */ = {isa = PBXFileReference; lastKnownFileType = wrapper.xcdatamodel; path = "HealthyInteriors 3.xcdatamodel"; sourceTree = "<group>"; };
		4D6B459C17102EFB007C41D7 /* cross_white_16.png */ = {isa = PBXFileReference; lastKnownFileType = image.png; path = cross_white_16.png; sourceTree = "<group>"; };
		4D6B459F171031C3007C41D7 /* SVSegmentedControl.h */ = {isa = PBXFileReference; fileEncoding = 4; lastKnownFileType = sourcecode.c.h; path = SVSegmentedControl.h; sourceTree = "<group>"; };
		4D6B45A0171031C3007C41D7 /* SVSegmentedControl.m */ = {isa = PBXFileReference; fileEncoding = 4; lastKnownFileType = sourcecode.c.objc; path = SVSegmentedControl.m; sourceTree = "<group>"; };
		4D6B45A1171031C3007C41D7 /* SVSegmentedThumb.h */ = {isa = PBXFileReference; fileEncoding = 4; lastKnownFileType = sourcecode.c.h; path = SVSegmentedThumb.h; sourceTree = "<group>"; };
		4D6B45A2171031C3007C41D7 /* SVSegmentedThumb.m */ = {isa = PBXFileReference; fileEncoding = 4; lastKnownFileType = sourcecode.c.objc; path = SVSegmentedThumb.m; sourceTree = "<group>"; };
		4D6B45A617105514007C41D7 /* HIPhotosCollectionViewController.h */ = {isa = PBXFileReference; fileEncoding = 4; lastKnownFileType = sourcecode.c.h; path = HIPhotosCollectionViewController.h; sourceTree = "<group>"; };
		4D6B45A717105514007C41D7 /* HIPhotosCollectionViewController.m */ = {isa = PBXFileReference; fileEncoding = 4; lastKnownFileType = sourcecode.c.objc; path = HIPhotosCollectionViewController.m; sourceTree = "<group>"; };
		4D6B45A9171068E5007C41D7 /* HealthyInteriors 4.xcdatamodel */ = {isa = PBXFileReference; lastKnownFileType = wrapper.xcdatamodel; path = "HealthyInteriors 4.xcdatamodel"; sourceTree = "<group>"; };
		4D8B054616E98A4D007328B1 /* HINewCheckListDetailViewController.h */ = {isa = PBXFileReference; fileEncoding = 4; lastKnownFileType = sourcecode.c.h; path = HINewCheckListDetailViewController.h; sourceTree = "<group>"; };
		4D8B054716E98A4D007328B1 /* HINewCheckListDetailViewController.m */ = {isa = PBXFileReference; fileEncoding = 4; lastKnownFileType = sourcecode.c.objc; path = HINewCheckListDetailViewController.m; sourceTree = "<group>"; };
		4D8B054816E98A4D007328B1 /* HINewCheckListDetailViewController.xib */ = {isa = PBXFileReference; fileEncoding = 4; lastKnownFileType = file.xib; path = HINewCheckListDetailViewController.xib; sourceTree = "<group>"; };
		4D8B054C16E99AAB007328B1 /* HICheckListCategoriesViewController.h */ = {isa = PBXFileReference; fileEncoding = 4; lastKnownFileType = sourcecode.c.h; path = HICheckListCategoriesViewController.h; sourceTree = "<group>"; };
		4D8B054D16E99AAB007328B1 /* HICheckListCategoriesViewController.m */ = {isa = PBXFileReference; fileEncoding = 4; lastKnownFileType = sourcecode.c.objc; path = HICheckListCategoriesViewController.m; sourceTree = "<group>"; };
		4D8B055016E9BC07007328B1 /* HICheckListModel.h */ = {isa = PBXFileReference; fileEncoding = 4; lastKnownFileType = sourcecode.c.h; path = HICheckListModel.h; sourceTree = "<group>"; };
		4D8B055116E9BC07007328B1 /* HICheckListModel.m */ = {isa = PBXFileReference; fileEncoding = 4; lastKnownFileType = sourcecode.c.objc; path = HICheckListModel.m; sourceTree = "<group>"; };
		4D8B055616E9BC92007328B1 /* HICheckListCategoryModel.h */ = {isa = PBXFileReference; fileEncoding = 4; lastKnownFileType = sourcecode.c.h; path = HICheckListCategoryModel.h; sourceTree = "<group>"; };
		4D8B055716E9BC92007328B1 /* HICheckListCategoryModel.m */ = {isa = PBXFileReference; fileEncoding = 4; lastKnownFileType = sourcecode.c.objc; path = HICheckListCategoryModel.m; sourceTree = "<group>"; };
		4D8B055916E9DC0E007328B1 /* HICheckListQuestionModel.h */ = {isa = PBXFileReference; fileEncoding = 4; lastKnownFileType = sourcecode.c.h; path = HICheckListQuestionModel.h; sourceTree = "<group>"; };
		4D8B055A16E9DC0E007328B1 /* HICheckListQuestionModel.m */ = {isa = PBXFileReference; fileEncoding = 4; lastKnownFileType = sourcecode.c.objc; path = HICheckListQuestionModel.m; sourceTree = "<group>"; };
		4D8B055C16E9FD99007328B1 /* HICheckListQuestionsViewController.h */ = {isa = PBXFileReference; fileEncoding = 4; lastKnownFileType = sourcecode.c.h; path = HICheckListQuestionsViewController.h; sourceTree = "<group>"; };
		4D8B055D16E9FD99007328B1 /* HICheckListQuestionsViewController.m */ = {isa = PBXFileReference; fileEncoding = 4; lastKnownFileType = sourcecode.c.objc; path = HICheckListQuestionsViewController.m; sourceTree = "<group>"; };
		4D8B056016EA0BA7007328B1 /* HealthyHomeCheckList.xml */ = {isa = PBXFileReference; fileEncoding = 4; lastKnownFileType = text.xml; name = HealthyHomeCheckList.xml; path = CheckLists/HealthyHomeCheckList.xml; sourceTree = "<group>"; };
		4D8B057616EA209E007328B1 /* HICheckListXMLReader.h */ = {isa = PBXFileReference; fileEncoding = 4; lastKnownFileType = sourcecode.c.h; path = HICheckListXMLReader.h; sourceTree = "<group>"; };
		4D8B057716EA209E007328B1 /* HICheckListXMLReader.m */ = {isa = PBXFileReference; fileEncoding = 4; lastKnownFileType = sourcecode.c.objc; path = HICheckListXMLReader.m; sourceTree = "<group>"; };
		4D8B057916EAF652007328B1 /* HICheckListQuestionDetailViewController.h */ = {isa = PBXFileReference; fileEncoding = 4; lastKnownFileType = sourcecode.c.h; path = HICheckListQuestionDetailViewController.h; sourceTree = "<group>"; };
		4D8B057A16EAF653007328B1 /* HICheckListQuestionDetailViewController.m */ = {isa = PBXFileReference; fileEncoding = 4; lastKnownFileType = sourcecode.c.objc; path = HICheckListQuestionDetailViewController.m; sourceTree = "<group>"; };
		4D8B057B16EAF653007328B1 /* HICheckListQuestionDetailViewController.xib */ = {isa = PBXFileReference; fileEncoding = 4; lastKnownFileType = file.xib; path = HICheckListQuestionDetailViewController.xib; sourceTree = "<group>"; };
		4D8BE49716EF6711008CF993 /* Icon.png */ = {isa = PBXFileReference; lastKnownFileType = image.png; name = Icon.png; path = ../Icon.png; sourceTree = "<group>"; };
		4D8BE49916EF671B008CF993 /* Icon@2x.png */ = {isa = PBXFileReference; lastKnownFileType = image.png; name = "Icon@2x.png"; path = "../Icon@2x.png"; sourceTree = "<group>"; };
		4D8BE49F16F4B4E8008CF993 /* CustomBadge.m */ = {isa = PBXFileReference; fileEncoding = 4; lastKnownFileType = sourcecode.c.objc; path = CustomBadge.m; sourceTree = "<group>"; };
		4D8BE4A016F4B4E8008CF993 /* CustomBadge.h */ = {isa = PBXFileReference; fileEncoding = 4; lastKnownFileType = sourcecode.c.h; path = CustomBadge.h; sourceTree = "<group>"; };
		4DA17244170EFE3B00478113 /* intro.rtf */ = {isa = PBXFileReference; fileEncoding = 4; lastKnownFileType = text.rtf; path = intro.rtf; sourceTree = "<group>"; };
		4DA3A97E16E8B9AE00D8CE62 /* HealthyInteriors.app */ = {isa = PBXFileReference; explicitFileType = wrapper.application; includeInIndex = 0; path = HealthyInteriors.app; sourceTree = BUILT_PRODUCTS_DIR; };
		4DA3A98116E8B9AE00D8CE62 /* UIKit.framework */ = {isa = PBXFileReference; lastKnownFileType = wrapper.framework; name = UIKit.framework; path = System/Library/Frameworks/UIKit.framework; sourceTree = SDKROOT; };
		4DA3A98316E8B9AE00D8CE62 /* Foundation.framework */ = {isa = PBXFileReference; lastKnownFileType = wrapper.framework; name = Foundation.framework; path = System/Library/Frameworks/Foundation.framework; sourceTree = SDKROOT; };
		4DA3A98516E8B9AE00D8CE62 /* CoreGraphics.framework */ = {isa = PBXFileReference; lastKnownFileType = wrapper.framework; name = CoreGraphics.framework; path = System/Library/Frameworks/CoreGraphics.framework; sourceTree = SDKROOT; };
		4DA3A98916E8B9AE00D8CE62 /* HealthyInteriors-Info.plist */ = {isa = PBXFileReference; lastKnownFileType = text.plist.xml; path = "HealthyInteriors-Info.plist"; sourceTree = "<group>"; };
		4DA3A98B16E8B9AE00D8CE62 /* en */ = {isa = PBXFileReference; lastKnownFileType = text.plist.strings; name = en; path = en.lproj/InfoPlist.strings; sourceTree = "<group>"; };
		4DA3A98D16E8B9AE00D8CE62 /* main.m */ = {isa = PBXFileReference; lastKnownFileType = sourcecode.c.objc; path = main.m; sourceTree = "<group>"; };
		4DA3A98F16E8B9AE00D8CE62 /* HealthyInteriors-Prefix.pch */ = {isa = PBXFileReference; lastKnownFileType = sourcecode.c.h; path = "HealthyInteriors-Prefix.pch"; sourceTree = "<group>"; };
		4DA3A99016E8B9AE00D8CE62 /* HIAppDelegate.h */ = {isa = PBXFileReference; lastKnownFileType = sourcecode.c.h; path = HIAppDelegate.h; sourceTree = "<group>"; };
		4DA3A99116E8B9AE00D8CE62 /* HIAppDelegate.m */ = {isa = PBXFileReference; lastKnownFileType = sourcecode.c.objc; path = HIAppDelegate.m; sourceTree = "<group>"; };
		4DA3A99316E8B9AE00D8CE62 /* Default.png */ = {isa = PBXFileReference; lastKnownFileType = image.png; path = Default.png; sourceTree = "<group>"; };
		4DA3A99516E8B9AE00D8CE62 /* Default@2x.png */ = {isa = PBXFileReference; lastKnownFileType = image.png; path = "Default@2x.png"; sourceTree = "<group>"; };
		4DA3A99716E8B9AE00D8CE62 /* Default-568h@2x.png */ = {isa = PBXFileReference; lastKnownFileType = image.png; path = "Default-568h@2x.png"; sourceTree = "<group>"; };
		4DA3A99C16E8B9AE00D8CE62 /* first.png */ = {isa = PBXFileReference; lastKnownFileType = image.png; path = first.png; sourceTree = "<group>"; };
		4DA3A99E16E8B9AE00D8CE62 /* first@2x.png */ = {isa = PBXFileReference; lastKnownFileType = image.png; path = "first@2x.png"; sourceTree = "<group>"; };
		4DA3A9A016E8B9AE00D8CE62 /* HISecondViewController.h */ = {isa = PBXFileReference; lastKnownFileType = sourcecode.c.h; path = HISecondViewController.h; sourceTree = "<group>"; };
		4DA3A9A116E8B9AE00D8CE62 /* HISecondViewController.m */ = {isa = PBXFileReference; lastKnownFileType = sourcecode.c.objc; path = HISecondViewController.m; sourceTree = "<group>"; };
		4DA3A9A316E8B9AE00D8CE62 /* second.png */ = {isa = PBXFileReference; lastKnownFileType = image.png; path = second.png; sourceTree = "<group>"; };
		4DA3A9A516E8B9AE00D8CE62 /* second@2x.png */ = {isa = PBXFileReference; lastKnownFileType = image.png; path = "second@2x.png"; sourceTree = "<group>"; };
		4DA3A9AB16E8B9AE00D8CE62 /* en */ = {isa = PBXFileReference; lastKnownFileType = file.xib; name = en; path = en.lproj/HIFirstViewController_iPad.xib; sourceTree = "<group>"; };
		4DA3A9AE16E8B9AE00D8CE62 /* en */ = {isa = PBXFileReference; lastKnownFileType = file.xib; name = en; path = en.lproj/HISecondViewController_iPhone.xib; sourceTree = "<group>"; };
		4DA3A9B116E8B9AF00D8CE62 /* en */ = {isa = PBXFileReference; lastKnownFileType = file.xib; name = en; path = en.lproj/HISecondViewController_iPad.xib; sourceTree = "<group>"; };
		4DA3A9BB16E8BF3200D8CE62 /* HICheckListsTableViewController.h */ = {isa = PBXFileReference; fileEncoding = 4; lastKnownFileType = sourcecode.c.h; path = HICheckListsTableViewController.h; sourceTree = "<group>"; };
		4DA3A9BC16E8BF3200D8CE62 /* HICheckListsTableViewController.m */ = {isa = PBXFileReference; fileEncoding = 4; lastKnownFileType = sourcecode.c.objc; path = HICheckListsTableViewController.m; sourceTree = "<group>"; };
		4DA3A9BF16E8C2E400D8CE62 /* HINewCheckListViewController.h */ = {isa = PBXFileReference; fileEncoding = 4; lastKnownFileType = sourcecode.c.h; path = HINewCheckListViewController.h; sourceTree = "<group>"; };
		4DA3A9C016E8C2E400D8CE62 /* HINewCheckListViewController.m */ = {isa = PBXFileReference; fileEncoding = 4; lastKnownFileType = sourcecode.c.objc; path = HINewCheckListViewController.m; sourceTree = "<group>"; };
		4DADAEE716FC67DF00BAA63F /* library@2x.png */ = {isa = PBXFileReference; lastKnownFileType = image.png; path = "library@2x.png"; sourceTree = "<group>"; };
		4DADAEEA16FC6FC200BAA63F /* home@2x.png */ = {isa = PBXFileReference; lastKnownFileType = image.png; path = "home@2x.png"; sourceTree = "<group>"; };
		4DADAEEC16FC6FE500BAA63F /* home.png */ = {isa = PBXFileReference; lastKnownFileType = image.png; path = home.png; sourceTree = "<group>"; };
		4DADAEEF16FC706600BAA63F /* HIHomeViewController.h */ = {isa = PBXFileReference; fileEncoding = 4; lastKnownFileType = sourcecode.c.h; path = HIHomeViewController.h; sourceTree = "<group>"; };
		4DADAEF016FC706600BAA63F /* HIHomeViewController.m */ = {isa = PBXFileReference; fileEncoding = 4; lastKnownFileType = sourcecode.c.objc; path = HIHomeViewController.m; sourceTree = "<group>"; };
		4DADAEF116FC706600BAA63F /* HIHomeViewController.xib */ = {isa = PBXFileReference; fileEncoding = 4; lastKnownFileType = file.xib; path = HIHomeViewController.xib; sourceTree = "<group>"; };
		4DADAEF416FC72D400BAA63F /* healthy_interiors.png */ = {isa = PBXFileReference; lastKnownFileType = image.png; path = healthy_interiors.png; sourceTree = "<group>"; };
		4DADAEFE170546A700BAA63F /* CheckLists.xml */ = {isa = PBXFileReference; fileEncoding = 4; lastKnownFileType = text.xml; path = CheckLists.xml; sourceTree = "<group>"; };
		4DADAF001705491500BAA63F /* HICheckListsXMLReader.h */ = {isa = PBXFileReference; fileEncoding = 4; lastKnownFileType = sourcecode.c.h; path = HICheckListsXMLReader.h; sourceTree = "<group>"; };
		4DADAF011705491500BAA63F /* HICheckListsXMLReader.m */ = {isa = PBXFileReference; fileEncoding = 4; lastKnownFileType = sourcecode.c.objc; path = HICheckListsXMLReader.m; sourceTree = "<group>"; };
		4DADAF0B1705B41300BAA63F /* HINewCheckListCellView.h */ = {isa = PBXFileReference; fileEncoding = 4; lastKnownFileType = sourcecode.c.h; path = HINewCheckListCellView.h; sourceTree = "<group>"; };
		4DADAF0C1705B41300BAA63F /* HINewCheckListCellView.m */ = {isa = PBXFileReference; fileEncoding = 4; lastKnownFileType = sourcecode.c.objc; path = HINewCheckListCellView.m; sourceTree = "<group>"; };
		4DADAF0E1705B7FB00BAA63F /* PRPNibBasedTableViewCell.h */ = {isa = PBXFileReference; fileEncoding = 4; lastKnownFileType = sourcecode.c.h; path = PRPNibBasedTableViewCell.h; sourceTree = "<group>"; };
		4DADAF0F1705B7FB00BAA63F /* PRPNibBasedTableViewCell.m */ = {isa = PBXFileReference; fileEncoding = 4; lastKnownFileType = sourcecode.c.objc; path = PRPNibBasedTableViewCell.m; sourceTree = "<group>"; };
		4DADAF141705C09D00BAA63F /* HiNewCheckListCellView.xib */ = {isa = PBXFileReference; fileEncoding = 4; lastKnownFileType = file.xib; path = HiNewCheckListCellView.xib; sourceTree = "<group>"; };
		4DADAF171705CF7D00BAA63F /* HealthyHomeCheckListIcon.png */ = {isa = PBXFileReference; lastKnownFileType = image.png; path = HealthyHomeCheckListIcon.png; sourceTree = "<group>"; };
		4DADAF19170719E300BAA63F /* MAConfirmButton.h */ = {isa = PBXFileReference; fileEncoding = 4; lastKnownFileType = sourcecode.c.h; path = MAConfirmButton.h; sourceTree = "<group>"; };
		4DADAF1A170719E300BAA63F /* MAConfirmButton.m */ = {isa = PBXFileReference; fileEncoding = 4; lastKnownFileType = sourcecode.c.objc; path = MAConfirmButton.m; sourceTree = "<group>"; };
		4DADAF1B170719E300BAA63F /* UIColor-Expanded.h */ = {isa = PBXFileReference; fileEncoding = 4; lastKnownFileType = sourcecode.c.h; name = "UIColor-Expanded.h"; path = "../UIColor-Expanded.h"; sourceTree = "<group>"; };
		4DADAF1C170719E300BAA63F /* UIColor-Expanded.m */ = {isa = PBXFileReference; fileEncoding = 4; lastKnownFileType = sourcecode.c.objc; name = "UIColor-Expanded.m"; path = "../UIColor-Expanded.m"; sourceTree = "<group>"; };
		4DADAF2017071B6000BAA63F /* QuartzCore.framework */ = {isa = PBXFileReference; lastKnownFileType = wrapper.framework; name = QuartzCore.framework; path = System/Library/Frameworks/QuartzCore.framework; sourceTree = SDKROOT; };
		4DC2E47B170877BA00D12F56 /* CMPopTipView.h */ = {isa = PBXFileReference; fileEncoding = 4; lastKnownFileType = sourcecode.c.h; path = CMPopTipView.h; sourceTree = "<group>"; };
		4DC2E47C170877BA00D12F56 /* CMPopTipView.m */ = {isa = PBXFileReference; fileEncoding = 4; lastKnownFileType = sourcecode.c.objc; path = CMPopTipView.m; sourceTree = "<group>"; };
		4DC2E47E1708816C00D12F56 /* retina_wood_@2X.png */ = {isa = PBXFileReference; lastKnownFileType = image.png; path = "retina_wood_@2X.png"; sourceTree = "<group>"; };
		4DC2E47F1708816C00D12F56 /* retina_wood.png */ = {isa = PBXFileReference; lastKnownFileType = image.png; path = retina_wood.png; sourceTree = "<group>"; };
		4DC2E4821709171A00D12F56 /* perforated_white_leather_@2X.png */ = {isa = PBXFileReference; lastKnownFileType = image.png; path = "perforated_white_leather_@2X.png"; sourceTree = "<group>"; };
		4DC2E4831709171A00D12F56 /* perforated_white_leather.png */ = {isa = PBXFileReference; lastKnownFileType = image.png; path = perforated_white_leather.png; sourceTree = "<group>"; };
		4DC2E4861709177700D12F56 /* bo_play_pattern_@2X.png */ = {isa = PBXFileReference; lastKnownFileType = image.png; path = "bo_play_pattern_@2X.png"; sourceTree = "<group>"; };
		4DC2E4871709177700D12F56 /* bo_play_pattern.png */ = {isa = PBXFileReference; lastKnownFileType = image.png; path = bo_play_pattern.png; sourceTree = "<group>"; };
		4DC2E48A170918CA00D12F56 /* classy_fabric.png */ = {isa = PBXFileReference; lastKnownFileType = image.png; path = classy_fabric.png; sourceTree = "<group>"; };
		4DC2E48C170918D500D12F56 /* classy_fabric_@2X.png */ = {isa = PBXFileReference; lastKnownFileType = image.png; path = "classy_fabric_@2X.png"; sourceTree = "<group>"; };
		4DC2E48E170919B900D12F56 /* mochaGrunge.png */ = {isa = PBXFileReference; lastKnownFileType = image.png; path = mochaGrunge.png; sourceTree = "<group>"; };
		4DC2E490170919C300D12F56 /* paper_fibers_@2X.png */ = {isa = PBXFileReference; lastKnownFileType = image.png; path = "paper_fibers_@2X.png"; sourceTree = "<group>"; };
		4DC2E492170919F300D12F56 /* mochaGrunge_@2X.png */ = {isa = PBXFileReference; lastKnownFileType = image.png; path = "mochaGrunge_@2X.png"; sourceTree = "<group>"; };
		4DC2E49417091A0000D12F56 /* paper_fibers.png */ = {isa = PBXFileReference; lastKnownFileType = image.png; path = paper_fibers.png; sourceTree = "<group>"; };
		4DC2E49717092C0800D12F56 /* HealthyInteriors 2.xcdatamodel */ = {isa = PBXFileReference; lastKnownFileType = wrapper.xcdatamodel; path = "HealthyInteriors 2.xcdatamodel"; sourceTree = "<group>"; };
		4DC2E49817092C0800D12F56 /* HealthyInteriors.xcdatamodel */ = {isa = PBXFileReference; lastKnownFileType = wrapper.xcdatamodel; path = HealthyInteriors.xcdatamodel; sourceTree = "<group>"; };
		4DEE71AC16EB6E8E002ED288 /* ok_16.png */ = {isa = PBXFileReference; lastKnownFileType = image.png; path = ok_16.png; sourceTree = "<group>"; };
		4DEE71AE16EB6EAC002ED288 /* close_16.png */ = {isa = PBXFileReference; lastKnownFileType = image.png; path = close_16.png; sourceTree = "<group>"; };
		4DEE71B016EB6F26002ED288 /* ok_24.png */ = {isa = PBXFileReference; lastKnownFileType = image.png; path = ok_24.png; sourceTree = "<group>"; };
		4DEE71B216EB6F57002ED288 /* close_24.png */ = {isa = PBXFileReference; lastKnownFileType = image.png; path = close_24.png; sourceTree = "<group>"; };
		4DEE71B416EC311A002ED288 /* question_24.png */ = {isa = PBXFileReference; lastKnownFileType = image.png; path = question_24.png; sourceTree = "<group>"; };
		4DEE71B616EC315E002ED288 /* question_16.png */ = {isa = PBXFileReference; lastKnownFileType = image.png; path = question_16.png; sourceTree = "<group>"; };
		4DEE71B816EC37E8002ED288 /* CoreData.framework */ = {isa = PBXFileReference; lastKnownFileType = wrapper.framework; name = CoreData.framework; path = System/Library/Frameworks/CoreData.framework; sourceTree = SDKROOT; };
		4DEE71F716EC4C9F002ED288 /* HICheckListTemplateManager.h */ = {isa = PBXFileReference; fileEncoding = 4; lastKnownFileType = sourcecode.c.h; path = HICheckListTemplateManager.h; sourceTree = "<group>"; };
		4DEE71F816EC4CA0002ED288 /* HICheckListTemplateManager.m */ = {isa = PBXFileReference; fileEncoding = 4; lastKnownFileType = sourcecode.c.objc; path = HICheckListTemplateManager.m; sourceTree = "<group>"; };
		4DEE71FA16EC4CD2002ED288 /* HICheckListTemplateDelegate.h */ = {isa = PBXFileReference; lastKnownFileType = sourcecode.c.h; path = HICheckListTemplateDelegate.h; sourceTree = "<group>"; };
		4DEE723D16EC9584002ED288 /* CheckListQuestionAnswers+HIFunctions.h */ = {isa = PBXFileReference; fileEncoding = 4; lastKnownFileType = sourcecode.c.h; path = "CheckListQuestionAnswers+HIFunctions.h"; sourceTree = "<group>"; };
		4DEE723E16EC9585002ED288 /* CheckListQuestionAnswers+HIFunctions.m */ = {isa = PBXFileReference; fileEncoding = 4; lastKnownFileType = sourcecode.c.objc; path = "CheckListQuestionAnswers+HIFunctions.m"; sourceTree = "<group>"; };
		4DEE724016EC9624002ED288 /* CheckListAnswers+HIFunctions.h */ = {isa = PBXFileReference; fileEncoding = 4; lastKnownFileType = sourcecode.c.h; path = "CheckListAnswers+HIFunctions.h"; sourceTree = "<group>"; };
		4DEE724116EC9624002ED288 /* CheckListAnswers+HIFunctions.m */ = {isa = PBXFileReference; fileEncoding = 4; lastKnownFileType = sourcecode.c.objc; path = "CheckListAnswers+HIFunctions.m"; sourceTree = "<group>"; };
		4DEE724516ECBE78002ED288 /* thumb_up_24.png */ = {isa = PBXFileReference; lastKnownFileType = image.png; path = thumb_up_24.png; sourceTree = "<group>"; };
		4DEE724716ECBE7F002ED288 /* thumb_dn_24.png */ = {isa = PBXFileReference; lastKnownFileType = image.png; path = thumb_dn_24.png; sourceTree = "<group>"; };
		4DEE724916ECBEB5002ED288 /* thumb_up_16.png */ = {isa = PBXFileReference; lastKnownFileType = image.png; path = thumb_up_16.png; sourceTree = "<group>"; };
		4DEE724A16ECBEB6002ED288 /* thumb_dn_16.png */ = {isa = PBXFileReference; lastKnownFileType = image.png; path = thumb_dn_16.png; sourceTree = "<group>"; };
		4DEE724D16ECC311002ED288 /* library.png */ = {isa = PBXFileReference; lastKnownFileType = image.png; path = library.png; sourceTree = "<group>"; };
		4DEE725716ED8E0D002ED288 /* notepad_write_48.png */ = {isa = PBXFileReference; lastKnownFileType = image.png; path = notepad_write_48.png; sourceTree = "<group>"; };
		4DEE725916ED8E32002ED288 /* camera_48.png */ = {isa = PBXFileReference; lastKnownFileType = image.png; path = camera_48.png; sourceTree = "<group>"; };
		4DEE725B16ED8ECA002ED288 /* info_48.png */ = {isa = PBXFileReference; lastKnownFileType = image.png; path = info_48.png; sourceTree = "<group>"; };
		4DEE725D16ED8F51002ED288 /* microphone_48.png */ = {isa = PBXFileReference; lastKnownFileType = image.png; path = microphone_48.png; sourceTree = "<group>"; };
		4DEE726016EDBC4C002ED288 /* HIQuestionInfoViewController.h */ = {isa = PBXFileReference; fileEncoding = 4; lastKnownFileType = sourcecode.c.h; path = HIQuestionInfoViewController.h; sourceTree = "<group>"; };
		4DEE726116EDBC4C002ED288 /* HIQuestionInfoViewController.m */ = {isa = PBXFileReference; fileEncoding = 4; lastKnownFileType = sourcecode.c.objc; path = HIQuestionInfoViewController.m; sourceTree = "<group>"; };
		4DEE726216EDBC4C002ED288 /* HIQuestionInfoViewController.xib */ = {isa = PBXFileReference; fileEncoding = 4; lastKnownFileType = file.xib; path = HIQuestionInfoViewController.xib; sourceTree = "<group>"; };
		4DEE726916EDBDFE002ED288 /* HIQuestionDetailDelegate.h */ = {isa = PBXFileReference; fileEncoding = 4; lastKnownFileType = sourcecode.c.h; path = HIQuestionDetailDelegate.h; sourceTree = "<group>"; };
		4DEE726B16EDC66E002ED288 /* HIQuestionNotesViewController.h */ = {isa = PBXFileReference; fileEncoding = 4; lastKnownFileType = sourcecode.c.h; path = HIQuestionNotesViewController.h; sourceTree = "<group>"; };
		4DEE726C16EDC66E002ED288 /* HIQuestionNotesViewController.m */ = {isa = PBXFileReference; fileEncoding = 4; lastKnownFileType = sourcecode.c.objc; path = HIQuestionNotesViewController.m; sourceTree = "<group>"; };
		4DEE726D16EDC66E002ED288 /* HIQuestionNotesViewController.xib */ = {isa = PBXFileReference; fileEncoding = 4; lastKnownFileType = file.xib; path = HIQuestionNotesViewController.xib; sourceTree = "<group>"; };
		4DEE727016EDC998002ED288 /* lined_paper.png */ = {isa = PBXFileReference; lastKnownFileType = image.png; path = lined_paper.png; sourceTree = "<group>"; };
/* End PBXFileReference section */

/* Begin PBXFrameworksBuildPhase section */
		4DA3A97B16E8B9AE00D8CE62 /* Frameworks */ = {
			isa = PBXFrameworksBuildPhase;
			buildActionMask = 2147483647;
			files = (
				4DADAF2117071B6100BAA63F /* QuartzCore.framework in Frameworks */,
				4DA3A98216E8B9AE00D8CE62 /* UIKit.framework in Frameworks */,
				4DA3A98416E8B9AE00D8CE62 /* Foundation.framework in Frameworks */,
				4DA3A98616E8B9AE00D8CE62 /* CoreGraphics.framework in Frameworks */,
				4DEE71B916EC37E8002ED288 /* CoreData.framework in Frameworks */,
			);
			runOnlyForDeploymentPostprocessing = 0;
		};
/* End PBXFrameworksBuildPhase section */

/* Begin PBXGroup section */
		4D0321891711416600D29881 /* MBProgressHUD */ = {
			isa = PBXGroup;
			children = (
				4D03218A1711418700D29881 /* MBProgressHUD.h */,
				4D03218B1711418700D29881 /* MBProgressHUD.m */,
			);
			name = MBProgressHUD;
			sourceTree = "<group>";
		};
		4D0321991712E58200D29881 /* Photo View */ = {
			isa = PBXGroup;
			children = (
				4D0321941712E57600D29881 /* HIPhotoViewController.h */,
				4D0321951712E57600D29881 /* HIPhotoViewController.m */,
				4D0321961712E57600D29881 /* HIPhotoViewController.xib */,
			);
			name = "Photo View";
			sourceTree = "<group>";
		};
		4D13F45B170C332A00CA5E8A /* Generic */ = {
			isa = PBXGroup;
			children = (
				4D13F45C170C333C00CA5E8A /* HITableViewController */,
				4D13F468170C36BC00CA5E8A /* HIViewController */,
			);
			name = Generic;
			sourceTree = "<group>";
		};
		4D13F45C170C333C00CA5E8A /* HITableViewController */ = {
			isa = PBXGroup;
			children = (
				4D13F45D170C336000CA5E8A /* HITableViewController.h */,
				4D13F45E170C336000CA5E8A /* HITableViewController.m */,
			);
			name = HITableViewController;
			sourceTree = "<group>";
		};
		4D13F460170C351A00CA5E8A /* Backgrounds */ = {
			isa = PBXGroup;
			children = (
				4D13F461170C356400CA5E8A /* textured_paper.png */,
				4D13F463170C356E00CA5E8A /* textured_paper_@2X.png */,
				4DC2E48E170919B900D12F56 /* mochaGrunge.png */,
				4DC2E492170919F300D12F56 /* mochaGrunge_@2X.png */,
				4DC2E49417091A0000D12F56 /* paper_fibers.png */,
				4DC2E490170919C300D12F56 /* paper_fibers_@2X.png */,
				4DC2E48A170918CA00D12F56 /* classy_fabric.png */,
				4DC2E48C170918D500D12F56 /* classy_fabric_@2X.png */,
				4DC2E4871709177700D12F56 /* bo_play_pattern.png */,
				4DC2E4861709177700D12F56 /* bo_play_pattern_@2X.png */,
				4DC2E4831709171A00D12F56 /* perforated_white_leather.png */,
				4DC2E4821709171A00D12F56 /* perforated_white_leather_@2X.png */,
				4DC2E47F1708816C00D12F56 /* retina_wood.png */,
				4DC2E47E1708816C00D12F56 /* retina_wood_@2X.png */,
			);
			name = Backgrounds;
			sourceTree = "<group>";
		};
		4D13F468170C36BC00CA5E8A /* HIViewController */ = {
			isa = PBXGroup;
			children = (
				4D13F465170C36B400CA5E8A /* HIViewController.h */,
				4D13F466170C36B400CA5E8A /* HIViewController.m */,
			);
			name = HIViewController;
			sourceTree = "<group>";
		};
		4D47D3D216EE080100DC04C2 /* Categories */ = {
			isa = PBXGroup;
			children = (
				4D8B054C16E99AAB007328B1 /* HICheckListCategoriesViewController.h */,
				4D8B054D16E99AAB007328B1 /* HICheckListCategoriesViewController.m */,
				4D38BF30170B0098006587BB /* HICheckListGenericTableViewController.h */,
				4D38BF31170B0098006587BB /* HICheckListGenericTableViewController.m */,
				4D38BF2A170AFB27006587BB /* HICategoriesTableViewController.h */,
				4D38BF2B170AFB27006587BB /* HICategoriesTableViewController.m */,
				4D38BF2D170AFCFF006587BB /* HIReportsTableViewController.h */,
				4D38BF2E170AFCFF006587BB /* HIReportsTableViewController.m */,
			);
			name = Categories;
			sourceTree = "<group>";
		};
		4D47D3D316EE080C00DC04C2 /* Questions */ = {
			isa = PBXGroup;
			children = (
				4D8B055C16E9FD99007328B1 /* HICheckListQuestionsViewController.h */,
				4D8B055D16E9FD99007328B1 /* HICheckListQuestionsViewController.m */,
			);
			name = Questions;
			sourceTree = "<group>";
		};
		4D6B459B17102491007C41D7 /* ManagedObjects */ = {
			isa = PBXGroup;
			children = (
				4D03217E1710745000D29881 /* CheckListAnswers.h */,
				4D03217F1710745000D29881 /* CheckListAnswers.m */,
				4D03217817106E5800D29881 /* CheckListQuestionAnswers.h */,
				4D03217917106E5800D29881 /* CheckListQuestionAnswers.m */,
				4D0321911712DE9100D29881 /* CheckListAnswerImages.h */,
				4D0321921712DE9100D29881 /* CheckListAnswerImages.m */,
			);
			name = ManagedObjects;
			sourceTree = "<group>";
		};
		4D6B459E171031A7007C41D7 /* SVSegmentedControl */ = {
			isa = PBXGroup;
			children = (
				4D6B459F171031C3007C41D7 /* SVSegmentedControl.h */,
				4D6B45A0171031C3007C41D7 /* SVSegmentedControl.m */,
				4D6B45A1171031C3007C41D7 /* SVSegmentedThumb.h */,
				4D6B45A2171031C3007C41D7 /* SVSegmentedThumb.m */,
			);
			name = SVSegmentedControl;
			sourceTree = "<group>";
		};
		4D6B45A517105454007C41D7 /* Photos Detail */ = {
			isa = PBXGroup;
			children = (
				4D6B45A617105514007C41D7 /* HIPhotosCollectionViewController.h */,
				4D6B45A717105514007C41D7 /* HIPhotosCollectionViewController.m */,
				4D03218417110A9500D29881 /* HIPhotoCollectionViewCell.h */,
				4D03218517110A9600D29881 /* HIPhotoCollectionViewCell.m */,
				4D0321991712E58200D29881 /* Photo View */,
			);
			name = "Photos Detail";
			sourceTree = "<group>";
		};
		4D8B054B16E99A70007328B1 /* Checklist */ = {
			isa = PBXGroup;
			children = (
				4D47D3D216EE080100DC04C2 /* Categories */,
				4D47D3D316EE080C00DC04C2 /* Questions */,
				4D8B057E16EAF658007328B1 /* Question Detail */,
			);
			name = Checklist;
			sourceTree = "<group>";
		};
		4D8B054F16E9BBDC007328B1 /* Templates */ = {
			isa = PBXGroup;
			children = (
				4DEE724416ECAFEC002ED288 /* Manager */,
				4D8B056E16EA0FE4007328B1 /* XMLReaders */,
				4D8B055016E9BC07007328B1 /* HICheckListModel.h */,
				4D8B055116E9BC07007328B1 /* HICheckListModel.m */,
				4D8B055616E9BC92007328B1 /* HICheckListCategoryModel.h */,
				4D8B055716E9BC92007328B1 /* HICheckListCategoryModel.m */,
				4D8B055916E9DC0E007328B1 /* HICheckListQuestionModel.h */,
				4D8B055A16E9DC0E007328B1 /* HICheckListQuestionModel.m */,
			);
			name = Templates;
			sourceTree = "<group>";
		};
		4D8B055F16EA0B56007328B1 /* CheckLists */ = {
			isa = PBXGroup;
			children = (
				4DADAEFE170546A700BAA63F /* CheckLists.xml */,
				4D8B056016EA0BA7007328B1 /* HealthyHomeCheckList.xml */,
				4D13F469170C3A1C00CA5E8A /* HealthyBabyZone.xml */,
			);
			name = CheckLists;
			sourceTree = "<group>";
		};
		4D8B056216EA0F39007328B1 /* Other Sources */ = {
			isa = PBXGroup;
			children = (
				4D0321891711416600D29881 /* MBProgressHUD */,
				4D6B459E171031A7007C41D7 /* SVSegmentedControl */,
				4DC2E4701708550E00D12F56 /* CMPopTipView */,
				4DADAF1F17071A0000BAA63F /* MAConfirmButton */,
				4DADAF111705B80B00BAA63F /* Smart Nib Cell */,
				4D8BE49E16F4B4D3008CF993 /* Custom Badge */,
			);
			name = "Other Sources";
			sourceTree = "<group>";
		};
		4D8B056E16EA0FE4007328B1 /* XMLReaders */ = {
			isa = PBXGroup;
			children = (
				4DADAF001705491500BAA63F /* HICheckListsXMLReader.h */,
				4DADAF011705491500BAA63F /* HICheckListsXMLReader.m */,
				4D8B057616EA209E007328B1 /* HICheckListXMLReader.h */,
				4D8B057716EA209E007328B1 /* HICheckListXMLReader.m */,
			);
			name = XMLReaders;
			sourceTree = "<group>";
		};
		4D8B057E16EAF658007328B1 /* Question Detail */ = {
			isa = PBXGroup;
			children = (
				4DEE726916EDBDFE002ED288 /* HIQuestionDetailDelegate.h */,
				4DEE726816EDBDCA002ED288 /* AnswerView */,
				4DEE725F16EDBC0D002ED288 /* InfoDetail */,
				4DEE726A16EDC5ED002ED288 /* Notes Detail */,
				4D6B45A517105454007C41D7 /* Photos Detail */,
			);
			name = "Question Detail";
			sourceTree = "<group>";
		};
		4D8BE49E16F4B4D3008CF993 /* Custom Badge */ = {
			isa = PBXGroup;
			children = (
				4D8BE49F16F4B4E8008CF993 /* CustomBadge.m */,
				4D8BE4A016F4B4E8008CF993 /* CustomBadge.h */,
			);
			name = "Custom Badge";
			sourceTree = "<group>";
		};
		4DA3A97516E8B9AE00D8CE62 = {
			isa = PBXGroup;
			children = (
				4DA3A98716E8B9AE00D8CE62 /* HealthyInteriors */,
				4D8B056216EA0F39007328B1 /* Other Sources */,
				4DA3A98016E8B9AE00D8CE62 /* Frameworks */,
				4DA3A97F16E8B9AE00D8CE62 /* Products */,
			);
			sourceTree = "<group>";
		};
		4DA3A97F16E8B9AE00D8CE62 /* Products */ = {
			isa = PBXGroup;
			children = (
				4DA3A97E16E8B9AE00D8CE62 /* HealthyInteriors.app */,
			);
			name = Products;
			sourceTree = "<group>";
		};
		4DA3A98016E8B9AE00D8CE62 /* Frameworks */ = {
			isa = PBXGroup;
			children = (
				4DADAF2017071B6000BAA63F /* QuartzCore.framework */,
				4DEE71B816EC37E8002ED288 /* CoreData.framework */,
				4DA3A98116E8B9AE00D8CE62 /* UIKit.framework */,
				4DA3A98316E8B9AE00D8CE62 /* Foundation.framework */,
				4DA3A98516E8B9AE00D8CE62 /* CoreGraphics.framework */,
			);
			name = Frameworks;
			sourceTree = "<group>";
		};
		4DA3A98716E8B9AE00D8CE62 /* HealthyInteriors */ = {
			isa = PBXGroup;
			children = (
				4DA3A99016E8B9AE00D8CE62 /* HIAppDelegate.h */,
				4DA3A99116E8B9AE00D8CE62 /* HIAppDelegate.m */,
				4DA3A9A016E8B9AE00D8CE62 /* HISecondViewController.h */,
				4DA3A9A116E8B9AE00D8CE62 /* HISecondViewController.m */,
				4DADAF1B170719E300BAA63F /* UIColor-Expanded.h */,
				4DADAF1C170719E300BAA63F /* UIColor-Expanded.m */,
				4DEE71E816EC3AD8002ED288 /* CoreData */,
				4D8B054F16E9BBDC007328B1 /* Templates */,
				4D13F45B170C332A00CA5E8A /* Generic */,
				4DA3A9BA16E8BB1300D8CE62 /* iPhone */,
				4DA3A9B916E8BB0900D8CE62 /* iPad */,
				4DA3A98816E8B9AE00D8CE62 /* Supporting Files */,
			);
			path = HealthyInteriors;
			sourceTree = "<group>";
		};
		4DA3A98816E8B9AE00D8CE62 /* Supporting Files */ = {
			isa = PBXGroup;
			children = (
				4D8B055F16EA0B56007328B1 /* CheckLists */,
				4D13F460170C351A00CA5E8A /* Backgrounds */,
				4DA3A9B816E8BADE00D8CE62 /* Images */,
				4DA3A98916E8B9AE00D8CE62 /* HealthyInteriors-Info.plist */,
				4DADAF171705CF7D00BAA63F /* HealthyHomeCheckListIcon.png */,
				4DA3A98A16E8B9AE00D8CE62 /* InfoPlist.strings */,
				4DA3A98D16E8B9AE00D8CE62 /* main.m */,
				4DA3A98F16E8B9AE00D8CE62 /* HealthyInteriors-Prefix.pch */,
				4D8BE49916EF671B008CF993 /* Icon@2x.png */,
				4D8BE49716EF6711008CF993 /* Icon.png */,
				4DA3A99316E8B9AE00D8CE62 /* Default.png */,
				4DA3A99516E8B9AE00D8CE62 /* Default@2x.png */,
				4DA3A99716E8B9AE00D8CE62 /* Default-568h@2x.png */,
				4DA17244170EFE3B00478113 /* intro.rtf */,
			);
			name = "Supporting Files";
			sourceTree = "<group>";
		};
		4DA3A9B816E8BADE00D8CE62 /* Images */ = {
			isa = PBXGroup;
			children = (
				4DADAEE916FC6F3E00BAA63F /* TabBarIcons */,
				4D37A88B17158CA2001825AE /* back_48.png */,
				4D37A88D17158CAC001825AE /* next_48.png */,
				4DADAEF416FC72D400BAA63F /* healthy_interiors.png */,
				4D6B4595170FBD8B007C41D7 /* home_in_hands_2.png */,
				4DEE727016EDC998002ED288 /* lined_paper.png */,
				4DEE725B16ED8ECA002ED288 /* info_48.png */,
				4DEE725716ED8E0D002ED288 /* notepad_write_48.png */,
				4DEE725916ED8E32002ED288 /* camera_48.png */,
				4DEE725D16ED8F51002ED288 /* microphone_48.png */,
				4D6B459C17102EFB007C41D7 /* cross_white_16.png */,
				4DEE724516ECBE78002ED288 /* thumb_up_24.png */,
				4DEE724716ECBE7F002ED288 /* thumb_dn_24.png */,
				4DEE724916ECBEB5002ED288 /* thumb_up_16.png */,
				4DEE724A16ECBEB6002ED288 /* thumb_dn_16.png */,
				4DEE71B616EC315E002ED288 /* question_16.png */,
				4DEE71B416EC311A002ED288 /* question_24.png */,
				4DEE71B016EB6F26002ED288 /* ok_24.png */,
				4DEE71B216EB6F57002ED288 /* close_24.png */,
				4DEE71AE16EB6EAC002ED288 /* close_16.png */,
				4DEE71AC16EB6E8E002ED288 /* ok_16.png */,
				4DA3A99C16E8B9AE00D8CE62 /* first.png */,
				4DA3A99E16E8B9AE00D8CE62 /* first@2x.png */,
				4DA3A9A316E8B9AE00D8CE62 /* second.png */,
				4DA3A9A516E8B9AE00D8CE62 /* second@2x.png */,
			);
			name = Images;
			sourceTree = "<group>";
		};
		4DA3A9B916E8BB0900D8CE62 /* iPad */ = {
			isa = PBXGroup;
			children = (
				4DA3A9AA16E8B9AE00D8CE62 /* HIFirstViewController_iPad.xib */,
				4DA3A9B016E8B9AF00D8CE62 /* HISecondViewController_iPad.xib */,
			);
			name = iPad;
			sourceTree = "<group>";
		};
		4DA3A9BA16E8BB1300D8CE62 /* iPhone */ = {
			isa = PBXGroup;
			children = (
				4DA3A9AD16E8B9AE00D8CE62 /* HISecondViewController_iPhone.xib */,
				4DADAEEE16FC703C00BAA63F /* HomeView */,
				4DADAF221708109E00BAA63F /* Checklists */,
			);
			name = iPhone;
			sourceTree = "<group>";
		};
		4DA3A9BE16E8C2B000D8CE62 /* NewCheckLists */ = {
			isa = PBXGroup;
			children = (
				4DA3A9BF16E8C2E400D8CE62 /* HINewCheckListViewController.h */,
				4DA3A9C016E8C2E400D8CE62 /* HINewCheckListViewController.m */,
				4D8B054616E98A4D007328B1 /* HINewCheckListDetailViewController.h */,
				4D8B054716E98A4D007328B1 /* HINewCheckListDetailViewController.m */,
				4D8B054816E98A4D007328B1 /* HINewCheckListDetailViewController.xib */,
				4DADAF0A1705B3A400BAA63F /* NewCheckListCellView */,
			);
			name = NewCheckLists;
			sourceTree = "<group>";
		};
		4DADAEE916FC6F3E00BAA63F /* TabBarIcons */ = {
			isa = PBXGroup;
			children = (
				4DEE724D16ECC311002ED288 /* library.png */,
				4DADAEE716FC67DF00BAA63F /* library@2x.png */,
				4DADAEEC16FC6FE500BAA63F /* home.png */,
				4DADAEEA16FC6FC200BAA63F /* home@2x.png */,
			);
			name = TabBarIcons;
			sourceTree = "<group>";
		};
		4DADAEEE16FC703C00BAA63F /* HomeView */ = {
			isa = PBXGroup;
			children = (
				4DADAEEF16FC706600BAA63F /* HIHomeViewController.h */,
				4DADAEF016FC706600BAA63F /* HIHomeViewController.m */,
				4DADAEF116FC706600BAA63F /* HIHomeViewController.xib */,
			);
			name = HomeView;
			sourceTree = "<group>";
		};
		4DADAF0A1705B3A400BAA63F /* NewCheckListCellView */ = {
			isa = PBXGroup;
			children = (
				4DADAF0B1705B41300BAA63F /* HINewCheckListCellView.h */,
				4DADAF0C1705B41300BAA63F /* HINewCheckListCellView.m */,
				4DADAF141705C09D00BAA63F /* HiNewCheckListCellView.xib */,
			);
			name = NewCheckListCellView;
			sourceTree = "<group>";
		};
		4DADAF111705B80B00BAA63F /* Smart Nib Cell */ = {
			isa = PBXGroup;
			children = (
				4DADAF0E1705B7FB00BAA63F /* PRPNibBasedTableViewCell.h */,
				4DADAF0F1705B7FB00BAA63F /* PRPNibBasedTableViewCell.m */,
			);
			name = "Smart Nib Cell";
			sourceTree = "<group>";
		};
		4DADAF1F17071A0000BAA63F /* MAConfirmButton */ = {
			isa = PBXGroup;
			children = (
				4DADAF19170719E300BAA63F /* MAConfirmButton.h */,
				4DADAF1A170719E300BAA63F /* MAConfirmButton.m */,
			);
			name = MAConfirmButton;
			sourceTree = "<group>";
		};
		4DADAF221708109E00BAA63F /* Checklists */ = {
			isa = PBXGroup;
			children = (
				4DA3A9BB16E8BF3200D8CE62 /* HICheckListsTableViewController.h */,
				4DA3A9BC16E8BF3200D8CE62 /* HICheckListsTableViewController.m */,
				4DA3A9BE16E8C2B000D8CE62 /* NewCheckLists */,
				4D8B054B16E99A70007328B1 /* Checklist */,
			);
			name = Checklists;
			sourceTree = "<group>";
		};
		4DC2E4701708550E00D12F56 /* CMPopTipView */ = {
			isa = PBXGroup;
			children = (
				4DC2E47B170877BA00D12F56 /* CMPopTipView.h */,
				4DC2E47C170877BA00D12F56 /* CMPopTipView.m */,
			);
			name = CMPopTipView;
			sourceTree = "<group>";
		};
		4DEE71E816EC3AD8002ED288 /* CoreData */ = {
			isa = PBXGroup;
			children = (
				4DC2E49617092C0800D12F56 /* HealthyInteriors.xcdatamodeld */,
				4D6B459B17102491007C41D7 /* ManagedObjects */,
				4DEE724316EC962C002ED288 /* Extention Categories */,
			);
			name = CoreData;
			sourceTree = "<group>";
		};
		4DEE724316EC962C002ED288 /* Extention Categories */ = {
			isa = PBXGroup;
			children = (
				4DEE724016EC9624002ED288 /* CheckListAnswers+HIFunctions.h */,
				4DEE724116EC9624002ED288 /* CheckListAnswers+HIFunctions.m */,
				4DEE723D16EC9584002ED288 /* CheckListQuestionAnswers+HIFunctions.h */,
				4DEE723E16EC9585002ED288 /* CheckListQuestionAnswers+HIFunctions.m */,
			);
			name = "Extention Categories";
			sourceTree = "<group>";
		};
		4DEE724416ECAFEC002ED288 /* Manager */ = {
			isa = PBXGroup;
			children = (
				4DEE71F716EC4C9F002ED288 /* HICheckListTemplateManager.h */,
				4DEE71F816EC4CA0002ED288 /* HICheckListTemplateManager.m */,
				4DEE71FA16EC4CD2002ED288 /* HICheckListTemplateDelegate.h */,
			);
			name = Manager;
			sourceTree = "<group>";
		};
		4DEE725F16EDBC0D002ED288 /* InfoDetail */ = {
			isa = PBXGroup;
			children = (
				4DEE726016EDBC4C002ED288 /* HIQuestionInfoViewController.h */,
				4DEE726116EDBC4C002ED288 /* HIQuestionInfoViewController.m */,
				4DEE726216EDBC4C002ED288 /* HIQuestionInfoViewController.xib */,
			);
			name = InfoDetail;
			sourceTree = "<group>";
		};
		4DEE726816EDBDCA002ED288 /* AnswerView */ = {
			isa = PBXGroup;
			children = (
				4D8B057916EAF652007328B1 /* HICheckListQuestionDetailViewController.h */,
				4D8B057A16EAF653007328B1 /* HICheckListQuestionDetailViewController.m */,
				4D8B057B16EAF653007328B1 /* HICheckListQuestionDetailViewController.xib */,
			);
			name = AnswerView;
			sourceTree = "<group>";
		};
		4DEE726A16EDC5ED002ED288 /* Notes Detail */ = {
			isa = PBXGroup;
			children = (
				4DEE726B16EDC66E002ED288 /* HIQuestionNotesViewController.h */,
				4DEE726C16EDC66E002ED288 /* HIQuestionNotesViewController.m */,
				4DEE726D16EDC66E002ED288 /* HIQuestionNotesViewController.xib */,
			);
			name = "Notes Detail";
			sourceTree = "<group>";
		};
/* End PBXGroup section */

/* Begin PBXHeadersBuildPhase section */
		4D37A88F1715A502001825AE /* Headers */ = {
			isa = PBXHeadersBuildPhase;
			buildActionMask = 2147483647;
			files = (
			);
			runOnlyForDeploymentPostprocessing = 0;
		};
/* End PBXHeadersBuildPhase section */

/* Begin PBXNativeTarget section */
		4DA3A97D16E8B9AE00D8CE62 /* HealthyInteriors */ = {
			isa = PBXNativeTarget;
			buildConfigurationList = 4DA3A9B516E8B9AF00D8CE62 /* Build configuration list for PBXNativeTarget "HealthyInteriors" */;
			buildPhases = (
				4DA3A97A16E8B9AE00D8CE62 /* Sources */,
				4DA3A97B16E8B9AE00D8CE62 /* Frameworks */,
				4DA3A97C16E8B9AE00D8CE62 /* Resources */,
				4D37A88F1715A502001825AE /* Headers */,
			);
			buildRules = (
			);
			dependencies = (
			);
			name = HealthyInteriors;
			productName = HealthyInteriors;
			productReference = 4DA3A97E16E8B9AE00D8CE62 /* HealthyInteriors.app */;
			productType = "com.apple.product-type.application";
		};
/* End PBXNativeTarget section */

/* Begin PBXProject section */
		4DA3A97616E8B9AE00D8CE62 /* Project object */ = {
			isa = PBXProject;
			attributes = {
				CLASSPREFIX = HI;
				LastUpgradeCheck = 0460;
				ORGANIZATIONNAME = "Mark O'Flynn";
			};
			buildConfigurationList = 4DA3A97916E8B9AE00D8CE62 /* Build configuration list for PBXProject "HealthyInteriors" */;
			compatibilityVersion = "Xcode 3.2";
			developmentRegion = English;
			hasScannedForEncodings = 0;
			knownRegions = (
				en,
			);
			mainGroup = 4DA3A97516E8B9AE00D8CE62;
			productRefGroup = 4DA3A97F16E8B9AE00D8CE62 /* Products */;
			projectDirPath = "";
			projectRoot = "";
			targets = (
				4DA3A97D16E8B9AE00D8CE62 /* HealthyInteriors */,
			);
		};
/* End PBXProject section */

/* Begin PBXResourcesBuildPhase section */
		4DA3A97C16E8B9AE00D8CE62 /* Resources */ = {
			isa = PBXResourcesBuildPhase;
			buildActionMask = 2147483647;
			files = (
				4DADAF161705C5DB00BAA63F /* HiNewCheckListCellView.xib in Resources */,
				4DA3A98C16E8B9AE00D8CE62 /* InfoPlist.strings in Resources */,
				4DA3A99416E8B9AE00D8CE62 /* Default.png in Resources */,
				4DA3A99616E8B9AE00D8CE62 /* Default@2x.png in Resources */,
				4DA3A99816E8B9AE00D8CE62 /* Default-568h@2x.png in Resources */,
				4DA3A99D16E8B9AE00D8CE62 /* first.png in Resources */,
				4DA3A99F16E8B9AE00D8CE62 /* first@2x.png in Resources */,
				4DA3A9A416E8B9AE00D8CE62 /* second.png in Resources */,
				4DA3A9A616E8B9AE00D8CE62 /* second@2x.png in Resources */,
				4DA3A9AC16E8B9AE00D8CE62 /* HIFirstViewController_iPad.xib in Resources */,
				4DA3A9AF16E8B9AE00D8CE62 /* HISecondViewController_iPhone.xib in Resources */,
				4DA3A9B216E8B9AF00D8CE62 /* HISecondViewController_iPad.xib in Resources */,
				4D8B054A16E98A4D007328B1 /* HINewCheckListDetailViewController.xib in Resources */,
				4D8B056116EA0BA7007328B1 /* HealthyHomeCheckList.xml in Resources */,
				4D8B057D16EAF653007328B1 /* HICheckListQuestionDetailViewController.xib in Resources */,
				4DEE71AD16EB6E8E002ED288 /* ok_16.png in Resources */,
				4DEE71AF16EB6EAC002ED288 /* close_16.png in Resources */,
				4DEE71B116EB6F26002ED288 /* ok_24.png in Resources */,
				4DEE71B316EB6F57002ED288 /* close_24.png in Resources */,
				4DEE71B516EC311A002ED288 /* question_24.png in Resources */,
				4DEE71B716EC315E002ED288 /* question_16.png in Resources */,
				4DEE724616ECBE79002ED288 /* thumb_up_24.png in Resources */,
				4DEE724816ECBE7F002ED288 /* thumb_dn_24.png in Resources */,
				4DEE724B16ECBEB6002ED288 /* thumb_up_16.png in Resources */,
				4DEE724C16ECBEB6002ED288 /* thumb_dn_16.png in Resources */,
				4DEE724E16ECC312002ED288 /* library.png in Resources */,
				4DEE725816ED8E0E002ED288 /* notepad_write_48.png in Resources */,
				4DEE725A16ED8E32002ED288 /* camera_48.png in Resources */,
				4DEE725C16ED8ECB002ED288 /* info_48.png in Resources */,
				4DEE725E16ED8F52002ED288 /* microphone_48.png in Resources */,
				4DEE726416EDBC4C002ED288 /* HIQuestionInfoViewController.xib in Resources */,
				4DEE726F16EDC66E002ED288 /* HIQuestionNotesViewController.xib in Resources */,
				4DEE727116EDC999002ED288 /* lined_paper.png in Resources */,
				4D8BE49816EF6711008CF993 /* Icon.png in Resources */,
				4D8BE49A16EF671B008CF993 /* Icon@2x.png in Resources */,
				4DADAEE816FC67DF00BAA63F /* library@2x.png in Resources */,
				4DADAEEB16FC6FC200BAA63F /* home@2x.png in Resources */,
				4DADAEED16FC6FE500BAA63F /* home.png in Resources */,
				4DADAEF316FC706600BAA63F /* HIHomeViewController.xib in Resources */,
				4DADAEF516FC72D400BAA63F /* healthy_interiors.png in Resources */,
				4DADAEFF170546A700BAA63F /* CheckLists.xml in Resources */,
				4DADAF181705CF7D00BAA63F /* HealthyHomeCheckListIcon.png in Resources */,
				4DC2E4801708816C00D12F56 /* retina_wood_@2X.png in Resources */,
				4DC2E4811708816C00D12F56 /* retina_wood.png in Resources */,
				4DC2E4841709171A00D12F56 /* perforated_white_leather_@2X.png in Resources */,
				4DC2E4851709171A00D12F56 /* perforated_white_leather.png in Resources */,
				4DC2E4881709177700D12F56 /* bo_play_pattern_@2X.png in Resources */,
				4DC2E4891709177700D12F56 /* bo_play_pattern.png in Resources */,
				4DC2E48B170918CA00D12F56 /* classy_fabric.png in Resources */,
				4DC2E48D170918D500D12F56 /* classy_fabric_@2X.png in Resources */,
				4DC2E48F170919B900D12F56 /* mochaGrunge.png in Resources */,
				4DC2E491170919C300D12F56 /* paper_fibers_@2X.png in Resources */,
				4DC2E493170919F300D12F56 /* mochaGrunge_@2X.png in Resources */,
				4DC2E49517091A0000D12F56 /* paper_fibers.png in Resources */,
				4D13F462170C356400CA5E8A /* textured_paper.png in Resources */,
				4D13F464170C356F00CA5E8A /* textured_paper_@2X.png in Resources */,
				4D13F46A170C3A1C00CA5E8A /* HealthyBabyZone.xml in Resources */,
				4DA17245170EFE3B00478113 /* intro.rtf in Resources */,
				4D6B4596170FBD8B007C41D7 /* home_in_hands_2.png in Resources */,
				4D6B459D17102EFB007C41D7 /* cross_white_16.png in Resources */,
				4D0321981712E57600D29881 /* HIPhotoViewController.xib in Resources */,
				4D37A88C17158CA2001825AE /* back_48.png in Resources */,
				4D37A88E17158CAC001825AE /* next_48.png in Resources */,
			);
			runOnlyForDeploymentPostprocessing = 0;
		};
/* End PBXResourcesBuildPhase section */

/* Begin PBXSourcesBuildPhase section */
		4DA3A97A16E8B9AE00D8CE62 /* Sources */ = {
			isa = PBXSourcesBuildPhase;
			buildActionMask = 2147483647;
			files = (
				4DA3A98E16E8B9AE00D8CE62 /* main.m in Sources */,
				4DA3A99216E8B9AE00D8CE62 /* HIAppDelegate.m in Sources */,
				4DA3A9A216E8B9AE00D8CE62 /* HISecondViewController.m in Sources */,
				4DA3A9BD16E8BF3200D8CE62 /* HICheckListsTableViewController.m in Sources */,
				4DA3A9C116E8C2E400D8CE62 /* HINewCheckListViewController.m in Sources */,
				4D8B054916E98A4D007328B1 /* HINewCheckListDetailViewController.m in Sources */,
				4D8B054E16E99AAB007328B1 /* HICheckListCategoriesViewController.m in Sources */,
				4D8B055216E9BC07007328B1 /* HICheckListModel.m in Sources */,
				4D8B055816E9BC92007328B1 /* HICheckListCategoryModel.m in Sources */,
				4D8B055B16E9DC0E007328B1 /* HICheckListQuestionModel.m in Sources */,
				4D8B055E16E9FD99007328B1 /* HICheckListQuestionsViewController.m in Sources */,
				4D8B057816EA209E007328B1 /* HICheckListXMLReader.m in Sources */,
				4D8B057C16EAF653007328B1 /* HICheckListQuestionDetailViewController.m in Sources */,
				4DEE71F916EC4CA0002ED288 /* HICheckListTemplateManager.m in Sources */,
				4DEE723F16EC9585002ED288 /* CheckListQuestionAnswers+HIFunctions.m in Sources */,
				4DEE724216EC9624002ED288 /* CheckListAnswers+HIFunctions.m in Sources */,
				4DEE726316EDBC4C002ED288 /* HIQuestionInfoViewController.m in Sources */,
				4DEE726E16EDC66E002ED288 /* HIQuestionNotesViewController.m in Sources */,
				4D8BE4A116F4B4E8008CF993 /* CustomBadge.m in Sources */,
				4DADAEF216FC706600BAA63F /* HIHomeViewController.m in Sources */,
				4DADAF021705491600BAA63F /* HICheckListsXMLReader.m in Sources */,
				4DADAF0D1705B41300BAA63F /* HINewCheckListCellView.m in Sources */,
				4DADAF101705B7FB00BAA63F /* PRPNibBasedTableViewCell.m in Sources */,
				4DADAF1D170719E300BAA63F /* MAConfirmButton.m in Sources */,
				4DADAF1E170719E300BAA63F /* UIColor-Expanded.m in Sources */,
				4DC2E47D170877BA00D12F56 /* CMPopTipView.m in Sources */,
				4DC2E49917092C0800D12F56 /* HealthyInteriors.xcdatamodeld in Sources */,
				4D38BF2C170AFB27006587BB /* HICategoriesTableViewController.m in Sources */,
				4D38BF2F170AFCFF006587BB /* HIReportsTableViewController.m in Sources */,
				4D38BF32170B0098006587BB /* HICheckListGenericTableViewController.m in Sources */,
				4D13F45F170C336000CA5E8A /* HITableViewController.m in Sources */,
				4D13F467170C36B400CA5E8A /* HIViewController.m in Sources */,
				4D6B45A3171031C3007C41D7 /* SVSegmentedControl.m in Sources */,
				4D6B45A4171031C3007C41D7 /* SVSegmentedThumb.m in Sources */,
				4D6B45A817105514007C41D7 /* HIPhotosCollectionViewController.m in Sources */,
				4D03217A17106E5800D29881 /* CheckListQuestionAnswers.m in Sources */,
				4D0321801710745000D29881 /* CheckListAnswers.m in Sources */,
				4D03218617110A9600D29881 /* HIPhotoCollectionViewCell.m in Sources */,
				4D03218C1711418700D29881 /* MBProgressHUD.m in Sources */,
				4D0321931712DE9200D29881 /* CheckListAnswerImages.m in Sources */,
				4D0321971712E57600D29881 /* HIPhotoViewController.m in Sources */,
			);
			runOnlyForDeploymentPostprocessing = 0;
		};
/* End PBXSourcesBuildPhase section */

/* Begin PBXVariantGroup section */
		4DA3A98A16E8B9AE00D8CE62 /* InfoPlist.strings */ = {
			isa = PBXVariantGroup;
			children = (
				4DA3A98B16E8B9AE00D8CE62 /* en */,
			);
			name = InfoPlist.strings;
			sourceTree = "<group>";
		};
		4DA3A9AA16E8B9AE00D8CE62 /* HIFirstViewController_iPad.xib */ = {
			isa = PBXVariantGroup;
			children = (
				4DA3A9AB16E8B9AE00D8CE62 /* en */,
			);
			name = HIFirstViewController_iPad.xib;
			sourceTree = "<group>";
		};
		4DA3A9AD16E8B9AE00D8CE62 /* HISecondViewController_iPhone.xib */ = {
			isa = PBXVariantGroup;
			children = (
				4DA3A9AE16E8B9AE00D8CE62 /* en */,
			);
			name = HISecondViewController_iPhone.xib;
			sourceTree = "<group>";
		};
		4DA3A9B016E8B9AF00D8CE62 /* HISecondViewController_iPad.xib */ = {
			isa = PBXVariantGroup;
			children = (
				4DA3A9B116E8B9AF00D8CE62 /* en */,
			);
			name = HISecondViewController_iPad.xib;
			sourceTree = "<group>";
		};
/* End PBXVariantGroup section */

/* Begin XCBuildConfiguration section */
		4DA3A9B316E8B9AF00D8CE62 /* Debug */ = {
			isa = XCBuildConfiguration;
			buildSettings = {
				ALWAYS_SEARCH_USER_PATHS = NO;
				CLANG_CXX_LANGUAGE_STANDARD = "gnu++0x";
				CLANG_CXX_LIBRARY = "libc++";
				CLANG_ENABLE_OBJC_ARC = YES;
				CLANG_WARN_CONSTANT_CONVERSION = YES;
				CLANG_WARN_EMPTY_BODY = YES;
				CLANG_WARN_ENUM_CONVERSION = YES;
				CLANG_WARN_INT_CONVERSION = YES;
				CLANG_WARN__DUPLICATE_METHOD_MATCH = YES;
				CODE_SIGN_IDENTITY = "iPhone Developer: Mark O'Flynn (22RZBYW3HL)";
				COPY_PHASE_STRIP = NO;
				GCC_C_LANGUAGE_STANDARD = gnu99;
				GCC_DYNAMIC_NO_PIC = NO;
				GCC_OPTIMIZATION_LEVEL = 0;
				GCC_PREPROCESSOR_DEFINITIONS = (
					"DEBUG=1",
					"$(inherited)",
				);
				GCC_SYMBOLS_PRIVATE_EXTERN = NO;
				GCC_WARN_ABOUT_RETURN_TYPE = YES;
				GCC_WARN_UNINITIALIZED_AUTOS = YES;
				GCC_WARN_UNUSED_VARIABLE = YES;
				IPHONEOS_DEPLOYMENT_TARGET = 5.1;
				ONLY_ACTIVE_ARCH = YES;
				PROVISIONING_PROFILE = "";
				SDKROOT = iphoneos;
				SKIP_INSTALL = YES;
				TARGETED_DEVICE_FAMILY = "1,2";
			};
			name = Debug;
		};
		4DA3A9B416E8B9AF00D8CE62 /* Release */ = {
			isa = XCBuildConfiguration;
			buildSettings = {
				ALWAYS_SEARCH_USER_PATHS = NO;
				CLANG_CXX_LANGUAGE_STANDARD = "gnu++0x";
				CLANG_CXX_LIBRARY = "libc++";
				CLANG_ENABLE_OBJC_ARC = YES;
				CLANG_WARN_CONSTANT_CONVERSION = YES;
				CLANG_WARN_EMPTY_BODY = YES;
				CLANG_WARN_ENUM_CONVERSION = YES;
				CLANG_WARN_INT_CONVERSION = YES;
				CLANG_WARN__DUPLICATE_METHOD_MATCH = YES;
				CODE_SIGN_IDENTITY = "iPhone Developer: Mark O'Flynn (22RZBYW3HL)";
				COPY_PHASE_STRIP = YES;
				GCC_C_LANGUAGE_STANDARD = gnu99;
				GCC_WARN_ABOUT_RETURN_TYPE = YES;
				GCC_WARN_UNINITIALIZED_AUTOS = YES;
				GCC_WARN_UNUSED_VARIABLE = YES;
				IPHONEOS_DEPLOYMENT_TARGET = 5.1;
				OTHER_CFLAGS = "-DNS_BLOCK_ASSERTIONS=1";
				PROVISIONING_PROFILE = "";
				SDKROOT = iphoneos;
				SKIP_INSTALL = YES;
				TARGETED_DEVICE_FAMILY = "1,2";
				VALIDATE_PRODUCT = YES;
			};
			name = Release;
		};
		4DA3A9B616E8B9AF00D8CE62 /* Debug */ = {
			isa = XCBuildConfiguration;
			buildSettings = {
				CODE_SIGN_IDENTITY = "iPhone Developer";
				GCC_PRECOMPILE_PREFIX_HEADER = YES;
				GCC_PREFIX_HEADER = "HealthyInteriors/HealthyInteriors-Prefix.pch";
				INFOPLIST_FILE = "HealthyInteriors/HealthyInteriors-Info.plist";
				IPHONEOS_DEPLOYMENT_TARGET = 5.1;
				PRODUCT_NAME = "$(TARGET_NAME)";
				PROVISIONING_PROFILE = "";
				SKIP_INSTALL = NO;
				TARGETED_DEVICE_FAMILY = 1;
				WRAPPER_EXTENSION = app;
			};
			name = Debug;
		};
		4DA3A9B716E8B9AF00D8CE62 /* Release */ = {
			isa = XCBuildConfiguration;
			buildSettings = {
				CODE_SIGN_IDENTITY = "iPhone Distribution";
				GCC_PRECOMPILE_PREFIX_HEADER = YES;
				GCC_PREFIX_HEADER = "HealthyInteriors/HealthyInteriors-Prefix.pch";
				INFOPLIST_FILE = "HealthyInteriors/HealthyInteriors-Info.plist";
				IPHONEOS_DEPLOYMENT_TARGET = 5.1;
				PRODUCT_NAME = "$(TARGET_NAME)";
				PROVISIONING_PROFILE = "";
				SKIP_INSTALL = NO;
				TARGETED_DEVICE_FAMILY = 1;
				WRAPPER_EXTENSION = app;
			};
			name = Release;
		};
/* End XCBuildConfiguration section */

/* Begin XCConfigurationList section */
		4DA3A97916E8B9AE00D8CE62 /* Build configuration list for PBXProject "HealthyInteriors" */ = {
			isa = XCConfigurationList;
			buildConfigurations = (
				4DA3A9B316E8B9AF00D8CE62 /* Debug */,
				4DA3A9B416E8B9AF00D8CE62 /* Release */,
			);
			defaultConfigurationIsVisible = 0;
			defaultConfigurationName = Release;
		};
		4DA3A9B516E8B9AF00D8CE62 /* Build configuration list for PBXNativeTarget "HealthyInteriors" */ = {
			isa = XCConfigurationList;
			buildConfigurations = (
				4DA3A9B616E8B9AF00D8CE62 /* Debug */,
				4DA3A9B716E8B9AF00D8CE62 /* Release */,
			);
			defaultConfigurationIsVisible = 0;
			defaultConfigurationName = Release;
		};
/* End XCConfigurationList section */

/* Begin XCVersionGroup section */
		4DC2E49617092C0800D12F56 /* HealthyInteriors.xcdatamodeld */ = {
			isa = XCVersionGroup;
			children = (
				4D6B45A9171068E5007C41D7 /* HealthyInteriors 4.xcdatamodel */,
				4D6B4597171023FC007C41D7 /* HealthyInteriors 3.xcdatamodel */,
				4DC2E49717092C0800D12F56 /* HealthyInteriors 2.xcdatamodel */,
				4DC2E49817092C0800D12F56 /* HealthyInteriors.xcdatamodel */,
			);
			currentVersion = 4D6B45A9171068E5007C41D7 /* HealthyInteriors 4.xcdatamodel */;
			path = HealthyInteriors.xcdatamodeld;
			sourceTree = "<group>";
			versionGroupType = wrapper.xcdatamodel;
		};
/* End XCVersionGroup section */
	};
	rootObject = 4DA3A97616E8B9AE00D8CE62 /* Project object */;
}
